// !$*UTF8*$!
{
	archiveVersion = 1;
	classes = {
	};
	objectVersion = 46;
	objects = {

/* Begin PBXBuildFile section */
		2700DD211699DD1A002906D0 /* EightSlotsOneRoomTableCell.xib in Resources */ = {isa = PBXBuildFile; fileRef = 2700DD201699DD1A002906D0 /* EightSlotsOneRoomTableCell.xib */; };
		2700DD241699E730002906D0 /* OneSlotFourRoomsTableCell.xib in Resources */ = {isa = PBXBuildFile; fileRef = 2700DD231699E72F002906D0 /* OneSlotFourRoomsTableCell.xib */; };
		2700DD2A1699EC2C002906D0 /* OneSlotSevenRoomsTableCell.xib in Resources */ = {isa = PBXBuildFile; fileRef = 2700DD291699EC2C002906D0 /* OneSlotSevenRoomsTableCell.xib */; };
		2700DD2D1699F2C4002906D0 /* ThreeSlotsTwoRoomsTableCell.xib in Resources */ = {isa = PBXBuildFile; fileRef = 2700DD2C1699F2C4002906D0 /* ThreeSlotsTwoRoomsTableCell.xib */; };
		2700DD2F1699F854002906D0 /* ThreeSlotsThreeRoomsTableCell.xib in Resources */ = {isa = PBXBuildFile; fileRef = 2700DD2E1699F854002906D0 /* ThreeSlotsThreeRoomsTableCell.xib */; };
		2709DED417AEDEF5002E714F /* ContactsPlaceTableCell.xib in Resources */ = {isa = PBXBuildFile; fileRef = 2709DED317AEDEF5002E714F /* ContactsPlaceTableCell.xib */; };
		270ACE1D174EA09D00F72E2A /* TwoSlotsThreeRoomsTableCell.xib in Resources */ = {isa = PBXBuildFile; fileRef = 270ACE1C174EA09D00F72E2A /* TwoSlotsThreeRoomsTableCell.xib */; };
		271CB2BE17AD196A005CC185 /* EmergencyDetailTableCell.xib in Resources */ = {isa = PBXBuildFile; fileRef = 271CB2BD17AD196A005CC185 /* EmergencyDetailTableCell.xib */; };
		271CB2C017AD198E005CC185 /* EmergencyOverviewTableCell.xib in Resources */ = {isa = PBXBuildFile; fileRef = 271CB2BF17AD198E005CC185 /* EmergencyOverviewTableCell.xib */; };
		271CB2C217AD26F3005CC185 /* EmergencyInformTableCell.xib in Resources */ = {isa = PBXBuildFile; fileRef = 271CB2C117AD26F2005CC185 /* EmergencyInformTableCell.xib */; };
		2724546817B7EBE4005F979C /* ContactsOverViewController.m in Sources */ = {isa = PBXBuildFile; fileRef = 2724546617B7EBE4005F979C /* ContactsOverViewController.m */; };
		2724546917B7EBE4005F979C /* ContactsOverViewController.xib in Resources */ = {isa = PBXBuildFile; fileRef = 2724546717B7EBE4005F979C /* ContactsOverViewController.xib */; };
		274AE0CD17B528340031E912 /* zhaw_logo.png in Resources */ = {isa = PBXBuildFile; fileRef = 274AE0CC17B528340031E912 /* zhaw_logo.png */; };
		275ACACD173D36C90091B266 /* SixSlotsTwoRoomsTableCell.xib in Resources */ = {isa = PBXBuildFile; fileRef = 275ACACC173D36C90091B266 /* SixSlotsTwoRoomsTableCell.xib */; };
		275ACACF173D3BB60091B266 /* SixSlotsOneRoomTableCell.xib in Resources */ = {isa = PBXBuildFile; fileRef = 275ACACE173D3BB50091B266 /* SixSlotsOneRoomTableCell.xib */; };
		275ACAD1173D4AD20091B266 /* TwoSlotSixRoomsTableCell.xib in Resources */ = {isa = PBXBuildFile; fileRef = 275ACAD0173D4AD20091B266 /* TwoSlotSixRoomsTableCell.xib */; };
		2763A9E8174E62B10051255C /* ErrorMessageCell.xib in Resources */ = {isa = PBXBuildFile; fileRef = 2763A9E7174E62B10051255C /* ErrorMessageCell.xib */; };
		27650DEF156D749E004B0FA2 /* FourSlotsOneRoomTableCell.xib in Resources */ = {isa = PBXBuildFile; fileRef = 27650DEE156D749E004B0FA2 /* FourSlotsOneRoomTableCell.xib */; };
		276ED474173BE5CA00EF79D5 /* EmptyTableCell.xib in Resources */ = {isa = PBXBuildFile; fileRef = 276ED473173BE5CA00EF79D5 /* EmptyTableCell.xib */; };
		27761D9A1578C1C200477BC0 /* ThreeSlotsOneRoomTableCell.xib in Resources */ = {isa = PBXBuildFile; fileRef = 27761D991578C1C200477BC0 /* ThreeSlotsOneRoomTableCell.xib */; };
		27761D9D1578E39F00477BC0 /* OneSlotThreeRoomsTableCell.xib in Resources */ = {isa = PBXBuildFile; fileRef = 27761D9C1578E39F00477BC0 /* OneSlotThreeRoomsTableCell.xib */; };
		27761DA31578EF0400477BC0 /* OneSlotTwoRoomsTableCell.xib in Resources */ = {isa = PBXBuildFile; fileRef = 27761DA21578EF0400477BC0 /* OneSlotTwoRoomsTableCell.xib */; };
		27761DA6157914D200477BC0 /* OneSlotEightRoomsTableCell.xib in Resources */ = {isa = PBXBuildFile; fileRef = 27761DA5157914D200477BC0 /* OneSlotEightRoomsTableCell.xib */; };
		27761DA815791E7C00477BC0 /* OneSlotFiveRoomsTableCell.xib in Resources */ = {isa = PBXBuildFile; fileRef = 27761DA715791E7C00477BC0 /* OneSlotFiveRoomsTableCell.xib */; };
		27761DAE157929BD00477BC0 /* OneSlotSixRoomsTableCell.xib in Resources */ = {isa = PBXBuildFile; fileRef = 27761DAD157929BD00477BC0 /* OneSlotSixRoomsTableCell.xib */; };
		27761DB11579333100477BC0 /* TwoSlotsTwoRoomsTableCell.xib in Resources */ = {isa = PBXBuildFile; fileRef = 27761DB01579333100477BC0 /* TwoSlotsTwoRoomsTableCell.xib */; };
		27761DB31579427500477BC0 /* FourSlotsTwoRoomsTableCell.xib in Resources */ = {isa = PBXBuildFile; fileRef = 27761DB21579427500477BC0 /* FourSlotsTwoRoomsTableCell.xib */; };
		27761DB515794AB900477BC0 /* FourSlotsThreeRoomsTableCell.xib in Resources */ = {isa = PBXBuildFile; fileRef = 27761DB415794AB900477BC0 /* FourSlotsThreeRoomsTableCell.xib */; };
		277759781573F3F100BB3CBB /* DetailTableCellWithButton.xib in Resources */ = {isa = PBXBuildFile; fileRef = 277759771573F3F100BB3CBB /* DetailTableCellWithButton.xib */; };
		27795E001558498300D0F350 /* ScheduleEventDto.m in Sources */ = {isa = PBXBuildFile; fileRef = 27795DFF1558498300D0F350 /* ScheduleEventDto.m */; };
		2779DA5515544A6600923A54 /* DepartmentDto.m in Sources */ = {isa = PBXBuildFile; fileRef = 2779DA5415544A6600923A54 /* DepartmentDto.m */; };
		277DDD801534A509006136B5 /* arrowLeft_small.png in Resources */ = {isa = PBXBuildFile; fileRef = 277DDD7F1534A509006136B5 /* arrowLeft_small.png */; };
		277DDD821534A54B006136B5 /* arrowRight_small.png in Resources */ = {isa = PBXBuildFile; fileRef = 277DDD811534A54B006136B5 /* arrowRight_small.png */; };
		277EDF79155D60DC002BCE1F /* ScheduleCourseDto.m in Sources */ = {isa = PBXBuildFile; fileRef = 277EDF78155D60DC002BCE1F /* ScheduleCourseDto.m */; };
		27943588174686E40077923D /* settings.png in Resources */ = {isa = PBXBuildFile; fileRef = 27943587174686E40077923D /* settings.png */; };
		27AC5C7617AEAE14006A1774 /* ContactsOverviewTableCell.xib in Resources */ = {isa = PBXBuildFile; fileRef = 27AC5C7517AEAE14006A1774 /* ContactsOverviewTableCell.xib */; };
		27AC5C7A17AEAF9B006A1774 /* ContactsPhoneTableCell.xib in Resources */ = {isa = PBXBuildFile; fileRef = 27AC5C7917AEAF9B006A1774 /* ContactsPhoneTableCell.xib */; };
		27B66927153AE0D8004D3ABC /* TimeTableAsyncRequest.m in Sources */ = {isa = PBXBuildFile; fileRef = 27B66926153AE0D8004D3ABC /* TimeTableAsyncRequest.m */; };
		27BEC5D41567845A00F9AA4E /* TwoSlotsOneRoomTableCell.xib in Resources */ = {isa = PBXBuildFile; fileRef = 27BEC5D31567845A00F9AA4E /* TwoSlotsOneRoomTableCell.xib */; };
		27C1ED1D157A6867000DF028 /* FiveSlotsOneRoomTableCell.xib in Resources */ = {isa = PBXBuildFile; fileRef = 27C1ED1C157A6867000DF028 /* FiveSlotsOneRoomTableCell.xib */; };
		27C217D1154D47A700BA423D /* DetailTableCell.xib in Resources */ = {isa = PBXBuildFile; fileRef = 27C217D0154D47A700BA423D /* DetailTableCell.xib */; };
		27CCE305154414190057D9F8 /* TimeTableDetailController.m in Sources */ = {isa = PBXBuildFile; fileRef = 27CCE303154414180057D9F8 /* TimeTableDetailController.m */; };
		27CCE306154414190057D9F8 /* TimeTableDetailController.xib in Resources */ = {isa = PBXBuildFile; fileRef = 27CCE304154414180057D9F8 /* TimeTableDetailController.xib */; };
		27CFFAC117B2D02A009C66A8 /* MenuNewsTableCell.xib in Resources */ = {isa = PBXBuildFile; fileRef = 27CFFAC017B2D02A009C66A8 /* MenuNewsTableCell.xib */; };
		27E0AA9C1550420C00D83EC1 /* Icon.png in Resources */ = {isa = PBXBuildFile; fileRef = 27E0AA9B1550420C00D83EC1 /* Icon.png */; };
		27E8229E155D214A006EA12D /* ScheduleEventRealizationDto.m in Sources */ = {isa = PBXBuildFile; fileRef = 27E8229D155D214A006EA12D /* ScheduleEventRealizationDto.m */; };
		27FBF7281551A83600C09ED9 /* StartpageViewController.m in Sources */ = {isa = PBXBuildFile; fileRef = 27FBF7261551A83600C09ED9 /* StartpageViewController.m */; };
		27FBF7291551A83600C09ED9 /* StartpageViewController.xib in Resources */ = {isa = PBXBuildFile; fileRef = 27FBF7271551A83600C09ED9 /* StartpageViewController.xib */; };
		A35A34191520814800181E3F /* UIKit.framework in Frameworks */ = {isa = PBXBuildFile; fileRef = A35A34181520814800181E3F /* UIKit.framework */; };
		A35A341B1520814800181E3F /* Foundation.framework in Frameworks */ = {isa = PBXBuildFile; fileRef = A35A341A1520814800181E3F /* Foundation.framework */; };
		A35A341D1520814800181E3F /* CoreGraphics.framework in Frameworks */ = {isa = PBXBuildFile; fileRef = A35A341C1520814800181E3F /* CoreGraphics.framework */; };
		A35A34231520814800181E3F /* InfoPlist.strings in Resources */ = {isa = PBXBuildFile; fileRef = A35A34211520814800181E3F /* InfoPlist.strings */; };
		A35A34261520814800181E3F /* main.m in Sources */ = {isa = PBXBuildFile; fileRef = A35A34251520814800181E3F /* main.m */; };
		A35A34291520814800181E3F /* CampusInfo1AppDelegate.m in Sources */ = {isa = PBXBuildFile; fileRef = A35A34281520814800181E3F /* CampusInfo1AppDelegate.m */; };
		A35A342C1520814800181E3F /* MainWindow.xib in Resources */ = {isa = PBXBuildFile; fileRef = A35A342A1520814800181E3F /* MainWindow.xib */; };
		A35A34321520814800181E3F /* SearchViewController.m in Sources */ = {isa = PBXBuildFile; fileRef = A35A34311520814800181E3F /* SearchViewController.m */; };
		A35A34381520814800181E3F /* SearchView.xib in Resources */ = {isa = PBXBuildFile; fileRef = A35A34361520814800181E3F /* SearchView.xib */; };
		A35A34521520839400181E3F /* today.png in Resources */ = {isa = PBXBuildFile; fileRef = A35A34511520839400181E3F /* today.png */; };
		A35A34541520839E00181E3F /* search.png in Resources */ = {isa = PBXBuildFile; fileRef = A35A34531520839E00181E3F /* search.png */; };
		A3811C5115274C7A00A43735 /* DayDto.m in Sources */ = {isa = PBXBuildFile; fileRef = A3811C5015274C7A00A43735 /* DayDto.m */; };
		A3811C5515274F4400A43735 /* ScheduleDto.m in Sources */ = {isa = PBXBuildFile; fileRef = A3811C5415274F4400A43735 /* ScheduleDto.m */; };
		A398BA65152383D900F98450 /* OneSlotOneRoomTableCell.xib in Resources */ = {isa = PBXBuildFile; fileRef = A398BA64152383D900F98450 /* OneSlotOneRoomTableCell.xib */; };
		A3A5513A1525DDB700BCAF3D /* SchoolClassDto.m in Sources */ = {isa = PBXBuildFile; fileRef = A3A551391525DDB700BCAF3D /* SchoolClassDto.m */; };
		A3A5513D1525E29F00BCAF3D /* RoomDto.m in Sources */ = {isa = PBXBuildFile; fileRef = A3A5513C1525E29F00BCAF3D /* RoomDto.m */; };
		A3A551401525E33900BCAF3D /* PersonDto.m in Sources */ = {isa = PBXBuildFile; fileRef = A3A5513F1525E33900BCAF3D /* PersonDto.m */; };
		A3A551461525EB8B00BCAF3D /* SlotDto.m in Sources */ = {isa = PBXBuildFile; fileRef = A3A551451525EB8B00BCAF3D /* SlotDto.m */; };
		A3A8654C1520A0C90074FFE5 /* TimeTableOverviewController.m in Sources */ = {isa = PBXBuildFile; fileRef = A3A8654A1520A0C90074FFE5 /* TimeTableOverviewController.m */; };
		A3A8654D1520A0C90074FFE5 /* TimeTableOverviewController.xib in Resources */ = {isa = PBXBuildFile; fileRef = A3A8654B1520A0C90074FFE5 /* TimeTableOverviewController.xib */; };
		E104C049178C397C0020EEB4 /* LanguageTranslation.m in Sources */ = {isa = PBXBuildFile; fileRef = E104C048178C397C0020EEB4 /* LanguageTranslation.m */; };
		E1086147179432460001C8E1 /* SevenSlotsOneRoomTableCell.xib in Resources */ = {isa = PBXBuildFile; fileRef = E1086146179432460001C8E1 /* SevenSlotsOneRoomTableCell.xib */; };
		E108614917944B110001C8E1 /* FourSlotsFiveRoomsTableCell.xib in Resources */ = {isa = PBXBuildFile; fileRef = E108614817944B110001C8E1 /* FourSlotsFiveRoomsTableCell.xib */; };
		E10B72F51797DB3E005D9D32 /* ServiceTimePeriodDto.m in Sources */ = {isa = PBXBuildFile; fileRef = E10B72F41797DB3E005D9D32 /* ServiceTimePeriodDto.m */; };
		E10B72F81797DD5E005D9D32 /* LunchTimePlanDto.m in Sources */ = {isa = PBXBuildFile; fileRef = E10B72F71797DD5E005D9D32 /* LunchTimePlanDto.m */; };
		E10B72FB1797DE42005D9D32 /* OpeningTimePlanDto.m in Sources */ = {isa = PBXBuildFile; fileRef = E10B72FA1797DE42005D9D32 /* OpeningTimePlanDto.m */; };
		E10B72FE1797DE73005D9D32 /* LocationDto.m in Sources */ = {isa = PBXBuildFile; fileRef = E10B72FD1797DE73005D9D32 /* LocationDto.m */; };
		E10B73011797DFAF005D9D32 /* HolidayDto.m in Sources */ = {isa = PBXBuildFile; fileRef = E10B73001797DFAF005D9D32 /* HolidayDto.m */; };
		E10D601217AFAE4E00036690 /* ContactsSocialMediaTableCell.xib in Resources */ = {isa = PBXBuildFile; fileRef = E10D601117AFAE4E00036690 /* ContactsSocialMediaTableCell.xib */; };
		E10D601817AFAF4100036690 /* facebook.png in Resources */ = {isa = PBXBuildFile; fileRef = E10D601317AFAF4100036690 /* facebook.png */; };
		E10D601917AFAF4100036690 /* issuu.png in Resources */ = {isa = PBXBuildFile; fileRef = E10D601417AFAF4100036690 /* issuu.png */; };
		E10D601A17AFAF4100036690 /* twitter.png in Resources */ = {isa = PBXBuildFile; fileRef = E10D601517AFAF4100036690 /* twitter.png */; };
		E10D601B17AFAF4100036690 /* xing.png in Resources */ = {isa = PBXBuildFile; fileRef = E10D601617AFAF4100036690 /* xing.png */; };
		E10D601C17AFAF4100036690 /* youtube.png in Resources */ = {isa = PBXBuildFile; fileRef = E10D601717AFAF4100036690 /* youtube.png */; };
		E10D601F17AFDA4500036690 /* Icon@2x.png in Resources */ = {isa = PBXBuildFile; fileRef = E10D601E17AFDA4500036690 /* Icon@2x.png */; };
		E12AD04917B0E9E4009A9B1B /* SenTestingKit.framework in Frameworks */ = {isa = PBXBuildFile; fileRef = E12AD04817B0E9E4009A9B1B /* SenTestingKit.framework */; };
		E12AD04A17B0E9E4009A9B1B /* UIKit.framework in Frameworks */ = {isa = PBXBuildFile; fileRef = A35A34181520814800181E3F /* UIKit.framework */; };
		E12AD04B17B0E9E4009A9B1B /* Foundation.framework in Frameworks */ = {isa = PBXBuildFile; fileRef = A35A341A1520814800181E3F /* Foundation.framework */; };
		E12AD05117B0E9E4009A9B1B /* InfoPlist.strings in Resources */ = {isa = PBXBuildFile; fileRef = E12AD04F17B0E9E4009A9B1B /* InfoPlist.strings */; };
		E12AD05417B0E9E4009A9B1B /* CampusInfoLogicTests.m in Sources */ = {isa = PBXBuildFile; fileRef = E12AD05317B0E9E4009A9B1B /* CampusInfoLogicTests.m */; };
		E12AD05B17B0EBEA009A9B1B /* ScheduleDtoTest.m in Sources */ = {isa = PBXBuildFile; fileRef = E12AD05A17B0EBEA009A9B1B /* ScheduleDtoTest.m */; };
		E12AD05F17B0FCB3009A9B1B /* DateFormation.m in Sources */ = {isa = PBXBuildFile; fileRef = E1D7EFF6178DA03D00100293 /* DateFormation.m */; };
		E12AD06017B0FCDD009A9B1B /* SchoolClassDto.m in Sources */ = {isa = PBXBuildFile; fileRef = A3A551391525DDB700BCAF3D /* SchoolClassDto.m */; };
		E12AD06117B0FCDD009A9B1B /* RoomDto.m in Sources */ = {isa = PBXBuildFile; fileRef = A3A5513C1525E29F00BCAF3D /* RoomDto.m */; };
		E12AD06217B0FCDD009A9B1B /* PersonDto.m in Sources */ = {isa = PBXBuildFile; fileRef = A3A5513F1525E33900BCAF3D /* PersonDto.m */; };
		E12AD06317B0FCDD009A9B1B /* SlotDto.m in Sources */ = {isa = PBXBuildFile; fileRef = A3A551451525EB8B00BCAF3D /* SlotDto.m */; };
		E12AD06417B0FCDD009A9B1B /* DayDto.m in Sources */ = {isa = PBXBuildFile; fileRef = A3811C5015274C7A00A43735 /* DayDto.m */; };
		E12AD06517B0FCDD009A9B1B /* ScheduleDto.m in Sources */ = {isa = PBXBuildFile; fileRef = A3811C5415274F4400A43735 /* ScheduleDto.m */; };
		E12AD06617B0FCDD009A9B1B /* DepartmentDto.m in Sources */ = {isa = PBXBuildFile; fileRef = 2779DA5415544A6600923A54 /* DepartmentDto.m */; };
		E12AD06717B0FCDD009A9B1B /* ScheduleEventDto.m in Sources */ = {isa = PBXBuildFile; fileRef = 27795DFF1558498300D0F350 /* ScheduleEventDto.m */; };
		E12AD06817B0FCDD009A9B1B /* ScheduleEventRealizationDto.m in Sources */ = {isa = PBXBuildFile; fileRef = 27E8229D155D214A006EA12D /* ScheduleEventRealizationDto.m */; };
		E12AD06917B0FCDD009A9B1B /* ScheduleCourseDto.m in Sources */ = {isa = PBXBuildFile; fileRef = 277EDF78155D60DC002BCE1F /* ScheduleCourseDto.m */; };
		E12AD06A17B0FCFD009A9B1B /* TimeTableAsyncRequest.m in Sources */ = {isa = PBXBuildFile; fileRef = 27B66926153AE0D8004D3ABC /* TimeTableAsyncRequest.m */; };
		E12B400117968AA1000555AE /* MensaViewController.m in Sources */ = {isa = PBXBuildFile; fileRef = E12B3FFF17968AA1000555AE /* MensaViewController.m */; };
		E12B400217968AA1000555AE /* MensaViewController.xib in Resources */ = {isa = PBXBuildFile; fileRef = E12B400017968AA1000555AE /* MensaViewController.xib */; };
		E12B400417968F7E000555AE /* MensaOverviewTableCell.xib in Resources */ = {isa = PBXBuildFile; fileRef = E12B400317968F7E000555AE /* MensaOverviewTableCell.xib */; };
		E12B40081796B786000555AE /* WeekdayDto.m in Sources */ = {isa = PBXBuildFile; fileRef = E12B40071796B786000555AE /* WeekdayDto.m */; };
		E12B400B1796D25C000555AE /* GastronomicFacilityDto.m in Sources */ = {isa = PBXBuildFile; fileRef = E12B400A1796D25C000555AE /* GastronomicFacilityDto.m */; };
		E13AA95117B2416B0061E0ED /* StudentsDto.m in Sources */ = {isa = PBXBuildFile; fileRef = E13AA95017B2416B0061E0ED /* StudentsDto.m */; };
		E13AA95417B248620061E0ED /* LecturersDto.m in Sources */ = {isa = PBXBuildFile; fileRef = E13AA95317B248620061E0ED /* LecturersDto.m */; };
		E13AA95717B269330061E0ED /* CoursesDto.m in Sources */ = {isa = PBXBuildFile; fileRef = E13AA95617B269330061E0ED /* CoursesDto.m */; };
		E13AA95A17B269480061E0ED /* RoomsDto.m in Sources */ = {isa = PBXBuildFile; fileRef = E13AA95917B269480061E0ED /* RoomsDto.m */; };
		E13AA95D17B269580061E0ED /* ClassesDto.m in Sources */ = {isa = PBXBuildFile; fileRef = E13AA95C17B269580061E0ED /* ClassesDto.m */; };
		E13AA96517B285600061E0ED /* MenuOverviewController.m in Sources */ = {isa = PBXBuildFile; fileRef = E13AA96317B285600061E0ED /* MenuOverviewController.m */; };
		E13AA96617B285600061E0ED /* MenuOverviewController.xib in Resources */ = {isa = PBXBuildFile; fileRef = E13AA96417B285600061E0ED /* MenuOverviewController.xib */; };
		E13AA96817B286D40061E0ED /* MenuTimeTableCell.xib in Resources */ = {isa = PBXBuildFile; fileRef = E13AA96717B286D40061E0ED /* MenuTimeTableCell.xib */; };
		E13AA96A17B28E400061E0ED /* MenuMensaTableCell.xib in Resources */ = {isa = PBXBuildFile; fileRef = E13AA96917B28E400061E0ED /* MenuMensaTableCell.xib */; };
		E13D3B5B17412F0500F534DB /* ChooseDateViewController.m in Sources */ = {isa = PBXBuildFile; fileRef = E13D3B5917412F0500F534DB /* ChooseDateViewController.m */; };
		E13D3B5C17412F0500F534DB /* ChooseDateViewController.xib in Resources */ = {isa = PBXBuildFile; fileRef = E13D3B5A17412F0500F534DB /* ChooseDateViewController.xib */; };
		E153641F17997C0E00F18559 /* catering.png in Resources */ = {isa = PBXBuildFile; fileRef = E153641717997C0E00F18559 /* catering.png */; };
		E153642017997C0E00F18559 /* catering@2x.png in Resources */ = {isa = PBXBuildFile; fileRef = E153641817997C0E00F18559 /* catering@2x.png */; };
		E153642117997C0E00F18559 /* events.png in Resources */ = {isa = PBXBuildFile; fileRef = E153641917997C0E00F18559 /* events.png */; };
		E153642217997C0E00F18559 /* events@2x.png in Resources */ = {isa = PBXBuildFile; fileRef = E153641A17997C0E00F18559 /* events@2x.png */; };
		E153642317997C0E00F18559 /* schedule.png in Resources */ = {isa = PBXBuildFile; fileRef = E153641B17997C0E00F18559 /* schedule.png */; };
		E153642417997C0E00F18559 /* schedule@2x.png in Resources */ = {isa = PBXBuildFile; fileRef = E153641C17997C0E00F18559 /* schedule@2x.png */; };
		E153642517997C0E00F18559 /* search@2x.png in Resources */ = {isa = PBXBuildFile; fileRef = E153641D17997C0E00F18559 /* search@2x.png */; };
		E153642617997C0E00F18559 /* settings@2x.png in Resources */ = {isa = PBXBuildFile; fileRef = E153641E17997C0E00F18559 /* settings@2x.png */; };
		E155A998179E777800726C39 /* SideDishDto.m in Sources */ = {isa = PBXBuildFile; fileRef = E155A997179E777800726C39 /* SideDishDto.m */; };
		E155A99B179E789400726C39 /* DishDto.m in Sources */ = {isa = PBXBuildFile; fileRef = E155A99A179E789400726C39 /* DishDto.m */; };
		E155A99E179E82A700726C39 /* MenuPlanDto.m in Sources */ = {isa = PBXBuildFile; fileRef = E155A99D179E82A700726C39 /* MenuPlanDto.m */; };
		E155A9A1179E82C900726C39 /* CalendarWeekDto.m in Sources */ = {isa = PBXBuildFile; fileRef = E155A9A0179E82C900726C39 /* CalendarWeekDto.m */; };
		E155A9A4179E85FD00726C39 /* MenuDto.m in Sources */ = {isa = PBXBuildFile; fileRef = E155A9A3179E85FD00726C39 /* MenuDto.m */; };
		E16C642517ABDC0100BEDBB3 /* ContactsViewController.m in Sources */ = {isa = PBXBuildFile; fileRef = E16C642317ABDC0100BEDBB3 /* ContactsViewController.m */; };
		E16C642617ABDC0100BEDBB3 /* ContactsViewController.xib in Resources */ = {isa = PBXBuildFile; fileRef = E16C642417ABDC0100BEDBB3 /* ContactsViewController.xib */; };
		E16C642A17ABDC4600BEDBB3 /* EmergencyViewController.m in Sources */ = {isa = PBXBuildFile; fileRef = E16C642817ABDC4600BEDBB3 /* EmergencyViewController.m */; };
		E16C642B17ABDC4600BEDBB3 /* EmergencyViewController.xib in Resources */ = {isa = PBXBuildFile; fileRef = E16C642917ABDC4600BEDBB3 /* EmergencyViewController.xib */; };
		E17842D2178309160059EA3C /* DBCachingForAutocomplete.m in Sources */ = {isa = PBXBuildFile; fileRef = E17842D1178309160059EA3C /* DBCachingForAutocomplete.m */; };
		E195FF36178188A30065DF05 /* libsqlite3.dylib in Frameworks */ = {isa = PBXBuildFile; fileRef = E195FF35178188A30065DF05 /* libsqlite3.dylib */; };
		E1ACAF4C17B3836C00F2630B /* ZHAW-App-Banner.png in Resources */ = {isa = PBXBuildFile; fileRef = E1ACAF4B17B3836C00F2630B /* ZHAW-App-Banner.png */; };
		E1BC14C2175F8D4900FE2854 /* Autocomplete.m in Sources */ = {isa = PBXBuildFile; fileRef = E1BC14C1175F8D4900FE2854 /* Autocomplete.m */; };
		E1BC5622179D290A007E235D /* MensaDetailViewController.m in Sources */ = {isa = PBXBuildFile; fileRef = E1BC5620179D290A007E235D /* MensaDetailViewController.m */; };
		E1BC5623179D290A007E235D /* MensaDetailViewController.xib in Resources */ = {isa = PBXBuildFile; fileRef = E1BC5621179D290A007E235D /* MensaDetailViewController.xib */; };
		E1BC5628179D7638007E235D /* MensaDetailTableCell.xib in Resources */ = {isa = PBXBuildFile; fileRef = E1BC5627179D7638007E235D /* MensaDetailTableCell.xib */; };
		E1C9B22A1743894F00BD3DAE /* TwoSlotsFourRoomsTableCell.xib in Resources */ = {isa = PBXBuildFile; fileRef = E1C9B2291743894F00BD3DAE /* TwoSlotsFourRoomsTableCell.xib */; };
		E1D48A5B1757856400BB1652 /* GradientButton.m in Sources */ = {isa = PBXBuildFile; fileRef = E1D48A5A1757856400BB1652 /* GradientButton.m */; };
		E1D48A5D17579AA500BB1652 /* Default.png in Resources */ = {isa = PBXBuildFile; fileRef = E1D48A5C17579AA500BB1652 /* Default.png */; };
		E1D48A5F17579C5D00BB1652 /* Default-568h@2x.png in Resources */ = {isa = PBXBuildFile; fileRef = E1D48A5E17579C5D00BB1652 /* Default-568h@2x.png */; };
		E1D7EFF7178DA03D00100293 /* DateFormation.m in Sources */ = {isa = PBXBuildFile; fileRef = E1D7EFF6178DA03D00100293 /* DateFormation.m */; };
		E1DA967C1740E41C00CA206F /* SettingsViewController.m in Sources */ = {isa = PBXBuildFile; fileRef = E1DA967A1740E41C00CA206F /* SettingsViewController.m */; };
		E1DA967D1740E41C00CA206F /* SettingsViewController.xib in Resources */ = {isa = PBXBuildFile; fileRef = E1DA967B1740E41C00CA206F /* SettingsViewController.xib */; };
/* End PBXBuildFile section */

/* Begin PBXFileReference section */
		2700DD201699DD1A002906D0 /* EightSlotsOneRoomTableCell.xib */ = {isa = PBXFileReference; fileEncoding = 4; lastKnownFileType = file.xib; path = EightSlotsOneRoomTableCell.xib; sourceTree = "<group>"; };
		2700DD231699E72F002906D0 /* OneSlotFourRoomsTableCell.xib */ = {isa = PBXFileReference; fileEncoding = 4; lastKnownFileType = file.xib; path = OneSlotFourRoomsTableCell.xib; sourceTree = "<group>"; };
		2700DD291699EC2C002906D0 /* OneSlotSevenRoomsTableCell.xib */ = {isa = PBXFileReference; fileEncoding = 4; lastKnownFileType = file.xib; path = OneSlotSevenRoomsTableCell.xib; sourceTree = "<group>"; };
		2700DD2C1699F2C4002906D0 /* ThreeSlotsTwoRoomsTableCell.xib */ = {isa = PBXFileReference; fileEncoding = 4; lastKnownFileType = file.xib; path = ThreeSlotsTwoRoomsTableCell.xib; sourceTree = "<group>"; };
		2700DD2E1699F854002906D0 /* ThreeSlotsThreeRoomsTableCell.xib */ = {isa = PBXFileReference; fileEncoding = 4; lastKnownFileType = file.xib; path = ThreeSlotsThreeRoomsTableCell.xib; sourceTree = "<group>"; };
		2709DED317AEDEF5002E714F /* ContactsPlaceTableCell.xib */ = {isa = PBXFileReference; fileEncoding = 4; lastKnownFileType = file.xib; path = ContactsPlaceTableCell.xib; sourceTree = "<group>"; };
		270ACE1C174EA09D00F72E2A /* TwoSlotsThreeRoomsTableCell.xib */ = {isa = PBXFileReference; fileEncoding = 4; lastKnownFileType = file.xib; path = TwoSlotsThreeRoomsTableCell.xib; sourceTree = "<group>"; };
		271CB2BD17AD196A005CC185 /* EmergencyDetailTableCell.xib */ = {isa = PBXFileReference; fileEncoding = 4; lastKnownFileType = file.xib; path = EmergencyDetailTableCell.xib; sourceTree = "<group>"; };
		271CB2BF17AD198E005CC185 /* EmergencyOverviewTableCell.xib */ = {isa = PBXFileReference; fileEncoding = 4; lastKnownFileType = file.xib; path = EmergencyOverviewTableCell.xib; sourceTree = "<group>"; };
		271CB2C117AD26F2005CC185 /* EmergencyInformTableCell.xib */ = {isa = PBXFileReference; fileEncoding = 4; lastKnownFileType = file.xib; path = EmergencyInformTableCell.xib; sourceTree = "<group>"; };
		2724546517B7EBE4005F979C /* ContactsOverViewController.h */ = {isa = PBXFileReference; fileEncoding = 4; lastKnownFileType = sourcecode.c.h; path = ContactsOverViewController.h; sourceTree = "<group>"; };
		2724546617B7EBE4005F979C /* ContactsOverViewController.m */ = {isa = PBXFileReference; fileEncoding = 4; lastKnownFileType = sourcecode.c.objc; path = ContactsOverViewController.m; sourceTree = "<group>"; };
		2724546717B7EBE4005F979C /* ContactsOverViewController.xib */ = {isa = PBXFileReference; fileEncoding = 4; lastKnownFileType = file.xib; path = ContactsOverViewController.xib; sourceTree = "<group>"; };
		274AE0CC17B528340031E912 /* zhaw_logo.png */ = {isa = PBXFileReference; lastKnownFileType = image.png; name = zhaw_logo.png; path = CampusInfo1/resources/icons/zhaw_logo.png; sourceTree = "<group>"; };
		275ACACC173D36C90091B266 /* SixSlotsTwoRoomsTableCell.xib */ = {isa = PBXFileReference; fileEncoding = 4; lastKnownFileType = file.xib; path = SixSlotsTwoRoomsTableCell.xib; sourceTree = "<group>"; };
		275ACACE173D3BB50091B266 /* SixSlotsOneRoomTableCell.xib */ = {isa = PBXFileReference; fileEncoding = 4; lastKnownFileType = file.xib; path = SixSlotsOneRoomTableCell.xib; sourceTree = "<group>"; };
		275ACAD0173D4AD20091B266 /* TwoSlotSixRoomsTableCell.xib */ = {isa = PBXFileReference; fileEncoding = 4; lastKnownFileType = file.xib; path = TwoSlotSixRoomsTableCell.xib; sourceTree = "<group>"; };
		2763A9E7174E62B10051255C /* ErrorMessageCell.xib */ = {isa = PBXFileReference; fileEncoding = 4; lastKnownFileType = file.xib; path = ErrorMessageCell.xib; sourceTree = "<group>"; };
		27650DEE156D749E004B0FA2 /* FourSlotsOneRoomTableCell.xib */ = {isa = PBXFileReference; fileEncoding = 4; lastKnownFileType = file.xib; path = FourSlotsOneRoomTableCell.xib; sourceTree = "<group>"; };
		276ED473173BE5CA00EF79D5 /* EmptyTableCell.xib */ = {isa = PBXFileReference; fileEncoding = 4; lastKnownFileType = file.xib; path = EmptyTableCell.xib; sourceTree = "<group>"; };
		27761D991578C1C200477BC0 /* ThreeSlotsOneRoomTableCell.xib */ = {isa = PBXFileReference; fileEncoding = 4; lastKnownFileType = file.xib; path = ThreeSlotsOneRoomTableCell.xib; sourceTree = "<group>"; };
		27761D9C1578E39F00477BC0 /* OneSlotThreeRoomsTableCell.xib */ = {isa = PBXFileReference; fileEncoding = 4; lastKnownFileType = file.xib; path = OneSlotThreeRoomsTableCell.xib; sourceTree = "<group>"; };
		27761DA21578EF0400477BC0 /* OneSlotTwoRoomsTableCell.xib */ = {isa = PBXFileReference; fileEncoding = 4; lastKnownFileType = file.xib; path = OneSlotTwoRoomsTableCell.xib; sourceTree = "<group>"; };
		27761DA5157914D200477BC0 /* OneSlotEightRoomsTableCell.xib */ = {isa = PBXFileReference; fileEncoding = 4; lastKnownFileType = file.xib; path = OneSlotEightRoomsTableCell.xib; sourceTree = "<group>"; };
		27761DA715791E7C00477BC0 /* OneSlotFiveRoomsTableCell.xib */ = {isa = PBXFileReference; fileEncoding = 4; lastKnownFileType = file.xib; path = OneSlotFiveRoomsTableCell.xib; sourceTree = "<group>"; };
		27761DAD157929BD00477BC0 /* OneSlotSixRoomsTableCell.xib */ = {isa = PBXFileReference; fileEncoding = 4; lastKnownFileType = file.xib; path = OneSlotSixRoomsTableCell.xib; sourceTree = "<group>"; };
		27761DB01579333100477BC0 /* TwoSlotsTwoRoomsTableCell.xib */ = {isa = PBXFileReference; fileEncoding = 4; lastKnownFileType = file.xib; path = TwoSlotsTwoRoomsTableCell.xib; sourceTree = "<group>"; };
		27761DB21579427500477BC0 /* FourSlotsTwoRoomsTableCell.xib */ = {isa = PBXFileReference; fileEncoding = 4; lastKnownFileType = file.xib; path = FourSlotsTwoRoomsTableCell.xib; sourceTree = "<group>"; };
		27761DB415794AB900477BC0 /* FourSlotsThreeRoomsTableCell.xib */ = {isa = PBXFileReference; fileEncoding = 4; lastKnownFileType = file.xib; path = FourSlotsThreeRoomsTableCell.xib; sourceTree = "<group>"; };
		277759771573F3F100BB3CBB /* DetailTableCellWithButton.xib */ = {isa = PBXFileReference; fileEncoding = 4; lastKnownFileType = file.xib; path = DetailTableCellWithButton.xib; sourceTree = "<group>"; };
		27795DFE1558498300D0F350 /* ScheduleEventDto.h */ = {isa = PBXFileReference; fileEncoding = 4; lastKnownFileType = sourcecode.c.h; path = ScheduleEventDto.h; sourceTree = "<group>"; };
		27795DFF1558498300D0F350 /* ScheduleEventDto.m */ = {isa = PBXFileReference; fileEncoding = 4; lastKnownFileType = sourcecode.c.objc; path = ScheduleEventDto.m; sourceTree = "<group>"; };
		2779DA5315544A0100923A54 /* DepartmentDto.h */ = {isa = PBXFileReference; lastKnownFileType = sourcecode.c.h; path = DepartmentDto.h; sourceTree = "<group>"; };
		2779DA5415544A6600923A54 /* DepartmentDto.m */ = {isa = PBXFileReference; fileEncoding = 4; lastKnownFileType = sourcecode.c.objc; path = DepartmentDto.m; sourceTree = "<group>"; };
		277DDD7F1534A509006136B5 /* arrowLeft_small.png */ = {isa = PBXFileReference; lastKnownFileType = image.png; name = arrowLeft_small.png; path = CampusInfo1/resources/icons/arrowLeft_small.png; sourceTree = "<group>"; };
		277DDD811534A54B006136B5 /* arrowRight_small.png */ = {isa = PBXFileReference; lastKnownFileType = image.png; name = arrowRight_small.png; path = CampusInfo1/resources/icons/arrowRight_small.png; sourceTree = "<group>"; };
		277EDF77155D60DB002BCE1F /* ScheduleCourseDto.h */ = {isa = PBXFileReference; fileEncoding = 4; lastKnownFileType = sourcecode.c.h; path = ScheduleCourseDto.h; sourceTree = "<group>"; };
		277EDF78155D60DC002BCE1F /* ScheduleCourseDto.m */ = {isa = PBXFileReference; fileEncoding = 4; lastKnownFileType = sourcecode.c.objc; path = ScheduleCourseDto.m; sourceTree = "<group>"; };
		27943587174686E40077923D /* settings.png */ = {isa = PBXFileReference; lastKnownFileType = image.png; name = settings.png; path = CampusInfo1/resources/icons/settings.png; sourceTree = "<group>"; };
		27AC5C7517AEAE14006A1774 /* ContactsOverviewTableCell.xib */ = {isa = PBXFileReference; fileEncoding = 4; lastKnownFileType = file.xib; path = ContactsOverviewTableCell.xib; sourceTree = "<group>"; };
		27AC5C7917AEAF9B006A1774 /* ContactsPhoneTableCell.xib */ = {isa = PBXFileReference; fileEncoding = 4; lastKnownFileType = file.xib; path = ContactsPhoneTableCell.xib; sourceTree = "<group>"; };
		27B66925153AE0D8004D3ABC /* TimeTableAsyncRequest.h */ = {isa = PBXFileReference; fileEncoding = 4; lastKnownFileType = sourcecode.c.h; path = TimeTableAsyncRequest.h; sourceTree = "<group>"; };
		27B66926153AE0D8004D3ABC /* TimeTableAsyncRequest.m */ = {isa = PBXFileReference; fileEncoding = 4; lastKnownFileType = sourcecode.c.objc; path = TimeTableAsyncRequest.m; sourceTree = "<group>"; };
		27BEC5D31567845A00F9AA4E /* TwoSlotsOneRoomTableCell.xib */ = {isa = PBXFileReference; fileEncoding = 4; lastKnownFileType = file.xib; path = TwoSlotsOneRoomTableCell.xib; sourceTree = "<group>"; };
		27C1ED1C157A6867000DF028 /* FiveSlotsOneRoomTableCell.xib */ = {isa = PBXFileReference; fileEncoding = 4; lastKnownFileType = file.xib; path = FiveSlotsOneRoomTableCell.xib; sourceTree = "<group>"; };
		27C217D0154D47A700BA423D /* DetailTableCell.xib */ = {isa = PBXFileReference; fileEncoding = 4; lastKnownFileType = file.xib; path = DetailTableCell.xib; sourceTree = "<group>"; };
		27CCE302154414180057D9F8 /* TimeTableDetailController.h */ = {isa = PBXFileReference; fileEncoding = 4; lastKnownFileType = sourcecode.c.h; path = TimeTableDetailController.h; sourceTree = "<group>"; };
		27CCE303154414180057D9F8 /* TimeTableDetailController.m */ = {isa = PBXFileReference; fileEncoding = 4; lastKnownFileType = sourcecode.c.objc; path = TimeTableDetailController.m; sourceTree = "<group>"; };
		27CCE304154414180057D9F8 /* TimeTableDetailController.xib */ = {isa = PBXFileReference; fileEncoding = 4; lastKnownFileType = file.xib; path = TimeTableDetailController.xib; sourceTree = "<group>"; };
		27CFFAC017B2D02A009C66A8 /* MenuNewsTableCell.xib */ = {isa = PBXFileReference; fileEncoding = 4; lastKnownFileType = file.xib; path = MenuNewsTableCell.xib; sourceTree = "<group>"; };
		27E0AA9B1550420C00D83EC1 /* Icon.png */ = {isa = PBXFileReference; lastKnownFileType = image.png; name = Icon.png; path = CampusInfo1/resources/Icon.png; sourceTree = "<group>"; };
		27E8229C155D214A006EA12D /* ScheduleEventRealizationDto.h */ = {isa = PBXFileReference; fileEncoding = 4; lastKnownFileType = sourcecode.c.h; path = ScheduleEventRealizationDto.h; sourceTree = "<group>"; };
		27E8229D155D214A006EA12D /* ScheduleEventRealizationDto.m */ = {isa = PBXFileReference; fileEncoding = 4; lastKnownFileType = sourcecode.c.objc; path = ScheduleEventRealizationDto.m; sourceTree = "<group>"; };
		27FBF7251551A83600C09ED9 /* StartpageViewController.h */ = {isa = PBXFileReference; fileEncoding = 4; lastKnownFileType = sourcecode.c.h; path = StartpageViewController.h; sourceTree = "<group>"; };
		27FBF7261551A83600C09ED9 /* StartpageViewController.m */ = {isa = PBXFileReference; fileEncoding = 4; lastKnownFileType = sourcecode.c.objc; path = StartpageViewController.m; sourceTree = "<group>"; };
		27FBF7271551A83600C09ED9 /* StartpageViewController.xib */ = {isa = PBXFileReference; fileEncoding = 4; lastKnownFileType = file.xib; path = StartpageViewController.xib; sourceTree = "<group>"; };
		A35A34141520814800181E3F /* Engineering.app */ = {isa = PBXFileReference; explicitFileType = wrapper.application; includeInIndex = 0; path = Engineering.app; sourceTree = BUILT_PRODUCTS_DIR; };
		A35A34181520814800181E3F /* UIKit.framework */ = {isa = PBXFileReference; lastKnownFileType = wrapper.framework; name = UIKit.framework; path = System/Library/Frameworks/UIKit.framework; sourceTree = SDKROOT; };
		A35A341A1520814800181E3F /* Foundation.framework */ = {isa = PBXFileReference; lastKnownFileType = wrapper.framework; name = Foundation.framework; path = System/Library/Frameworks/Foundation.framework; sourceTree = SDKROOT; };
		A35A341C1520814800181E3F /* CoreGraphics.framework */ = {isa = PBXFileReference; lastKnownFileType = wrapper.framework; name = CoreGraphics.framework; path = System/Library/Frameworks/CoreGraphics.framework; sourceTree = SDKROOT; };
		A35A34201520814800181E3F /* CampusInfo1-Info.plist */ = {isa = PBXFileReference; lastKnownFileType = text.plist.xml; path = "CampusInfo1-Info.plist"; sourceTree = "<group>"; };
		A35A34221520814800181E3F /* en */ = {isa = PBXFileReference; lastKnownFileType = text.plist.strings; name = en; path = en.lproj/InfoPlist.strings; sourceTree = "<group>"; };
		A35A34241520814800181E3F /* CampusInfo1-Prefix.pch */ = {isa = PBXFileReference; lastKnownFileType = sourcecode.c.h; path = "CampusInfo1-Prefix.pch"; sourceTree = "<group>"; };
		A35A34251520814800181E3F /* main.m */ = {isa = PBXFileReference; lastKnownFileType = sourcecode.c.objc; path = main.m; sourceTree = "<group>"; };
		A35A34271520814800181E3F /* CampusInfo1AppDelegate.h */ = {isa = PBXFileReference; lastKnownFileType = sourcecode.c.h; path = CampusInfo1AppDelegate.h; sourceTree = "<group>"; };
		A35A34281520814800181E3F /* CampusInfo1AppDelegate.m */ = {isa = PBXFileReference; lastKnownFileType = sourcecode.c.objc; path = CampusInfo1AppDelegate.m; sourceTree = "<group>"; };
		A35A342B1520814800181E3F /* en */ = {isa = PBXFileReference; lastKnownFileType = file.xib; name = en; path = en.lproj/MainWindow.xib; sourceTree = "<group>"; };
		A35A34301520814800181E3F /* SearchViewController.h */ = {isa = PBXFileReference; lastKnownFileType = sourcecode.c.h; path = SearchViewController.h; sourceTree = "<group>"; };
		A35A34311520814800181E3F /* SearchViewController.m */ = {isa = PBXFileReference; lastKnownFileType = sourcecode.c.objc; path = SearchViewController.m; sourceTree = "<group>"; };
		A35A34371520814800181E3F /* en */ = {isa = PBXFileReference; lastKnownFileType = file.xib; name = en; path = en.lproj/SearchView.xib; sourceTree = "<group>"; };
		A35A34511520839400181E3F /* today.png */ = {isa = PBXFileReference; lastKnownFileType = image.png; name = today.png; path = CampusInfo1/resources/icons/today.png; sourceTree = "<group>"; };
		A35A34531520839E00181E3F /* search.png */ = {isa = PBXFileReference; lastKnownFileType = image.png; name = search.png; path = CampusInfo1/resources/icons/search.png; sourceTree = "<group>"; };
		A3811C4F15274C7A00A43735 /* DayDto.h */ = {isa = PBXFileReference; fileEncoding = 4; lastKnownFileType = sourcecode.c.h; path = DayDto.h; sourceTree = "<group>"; };
		A3811C5015274C7A00A43735 /* DayDto.m */ = {isa = PBXFileReference; fileEncoding = 4; lastKnownFileType = sourcecode.c.objc; path = DayDto.m; sourceTree = "<group>"; };
		A3811C5315274F4400A43735 /* ScheduleDto.h */ = {isa = PBXFileReference; fileEncoding = 4; lastKnownFileType = sourcecode.c.h; path = ScheduleDto.h; sourceTree = "<group>"; };
		A3811C5415274F4400A43735 /* ScheduleDto.m */ = {isa = PBXFileReference; fileEncoding = 4; lastKnownFileType = sourcecode.c.objc; path = ScheduleDto.m; sourceTree = "<group>"; };
		A398BA64152383D900F98450 /* OneSlotOneRoomTableCell.xib */ = {isa = PBXFileReference; fileEncoding = 4; lastKnownFileType = file.xib; path = OneSlotOneRoomTableCell.xib; sourceTree = "<group>"; };
		A3A551381525DDB700BCAF3D /* SchoolClassDto.h */ = {isa = PBXFileReference; fileEncoding = 4; lastKnownFileType = sourcecode.c.h; path = SchoolClassDto.h; sourceTree = "<group>"; };
		A3A551391525DDB700BCAF3D /* SchoolClassDto.m */ = {isa = PBXFileReference; fileEncoding = 4; lastKnownFileType = sourcecode.c.objc; path = SchoolClassDto.m; sourceTree = "<group>"; };
		A3A5513B1525E29F00BCAF3D /* RoomDto.h */ = {isa = PBXFileReference; fileEncoding = 4; lastKnownFileType = sourcecode.c.h; path = RoomDto.h; sourceTree = "<group>"; };
		A3A5513C1525E29F00BCAF3D /* RoomDto.m */ = {isa = PBXFileReference; fileEncoding = 4; lastKnownFileType = sourcecode.c.objc; path = RoomDto.m; sourceTree = "<group>"; };
		A3A5513E1525E33900BCAF3D /* PersonDto.h */ = {isa = PBXFileReference; fileEncoding = 4; lastKnownFileType = sourcecode.c.h; path = PersonDto.h; sourceTree = "<group>"; };
		A3A5513F1525E33900BCAF3D /* PersonDto.m */ = {isa = PBXFileReference; fileEncoding = 4; lastKnownFileType = sourcecode.c.objc; path = PersonDto.m; sourceTree = "<group>"; };
		A3A551441525EB8B00BCAF3D /* SlotDto.h */ = {isa = PBXFileReference; fileEncoding = 4; lastKnownFileType = sourcecode.c.h; path = SlotDto.h; sourceTree = "<group>"; };
		A3A551451525EB8B00BCAF3D /* SlotDto.m */ = {isa = PBXFileReference; fileEncoding = 4; lastKnownFileType = sourcecode.c.objc; path = SlotDto.m; sourceTree = "<group>"; };
		A3A865491520A0C90074FFE5 /* TimeTableOverviewController.h */ = {isa = PBXFileReference; fileEncoding = 4; lastKnownFileType = sourcecode.c.h; path = TimeTableOverviewController.h; sourceTree = "<group>"; };
		A3A8654A1520A0C90074FFE5 /* TimeTableOverviewController.m */ = {isa = PBXFileReference; fileEncoding = 4; lastKnownFileType = sourcecode.c.objc; path = TimeTableOverviewController.m; sourceTree = "<group>"; };
		A3A8654B1520A0C90074FFE5 /* TimeTableOverviewController.xib */ = {isa = PBXFileReference; fileEncoding = 4; lastKnownFileType = file.xib; path = TimeTableOverviewController.xib; sourceTree = "<group>"; };
		E104C047178C397C0020EEB4 /* LanguageTranslation.h */ = {isa = PBXFileReference; fileEncoding = 4; lastKnownFileType = sourcecode.c.h; path = LanguageTranslation.h; sourceTree = "<group>"; };
		E104C048178C397C0020EEB4 /* LanguageTranslation.m */ = {isa = PBXFileReference; fileEncoding = 4; lastKnownFileType = sourcecode.c.objc; path = LanguageTranslation.m; sourceTree = "<group>"; };
		E1086146179432460001C8E1 /* SevenSlotsOneRoomTableCell.xib */ = {isa = PBXFileReference; fileEncoding = 4; lastKnownFileType = file.xib; path = SevenSlotsOneRoomTableCell.xib; sourceTree = "<group>"; };
		E108614817944B110001C8E1 /* FourSlotsFiveRoomsTableCell.xib */ = {isa = PBXFileReference; fileEncoding = 4; lastKnownFileType = file.xib; path = FourSlotsFiveRoomsTableCell.xib; sourceTree = "<group>"; };
		E10B72F31797DB3E005D9D32 /* ServiceTimePeriodDto.h */ = {isa = PBXFileReference; fileEncoding = 4; lastKnownFileType = sourcecode.c.h; path = ServiceTimePeriodDto.h; sourceTree = "<group>"; };
		E10B72F41797DB3E005D9D32 /* ServiceTimePeriodDto.m */ = {isa = PBXFileReference; fileEncoding = 4; lastKnownFileType = sourcecode.c.objc; path = ServiceTimePeriodDto.m; sourceTree = "<group>"; };
		E10B72F61797DD5E005D9D32 /* LunchTimePlanDto.h */ = {isa = PBXFileReference; fileEncoding = 4; lastKnownFileType = sourcecode.c.h; path = LunchTimePlanDto.h; sourceTree = "<group>"; };
		E10B72F71797DD5E005D9D32 /* LunchTimePlanDto.m */ = {isa = PBXFileReference; fileEncoding = 4; lastKnownFileType = sourcecode.c.objc; path = LunchTimePlanDto.m; sourceTree = "<group>"; };
		E10B72F91797DE42005D9D32 /* OpeningTimePlanDto.h */ = {isa = PBXFileReference; fileEncoding = 4; lastKnownFileType = sourcecode.c.h; path = OpeningTimePlanDto.h; sourceTree = "<group>"; };
		E10B72FA1797DE42005D9D32 /* OpeningTimePlanDto.m */ = {isa = PBXFileReference; fileEncoding = 4; lastKnownFileType = sourcecode.c.objc; path = OpeningTimePlanDto.m; sourceTree = "<group>"; };
		E10B72FC1797DE73005D9D32 /* LocationDto.h */ = {isa = PBXFileReference; fileEncoding = 4; lastKnownFileType = sourcecode.c.h; path = LocationDto.h; sourceTree = "<group>"; };
		E10B72FD1797DE73005D9D32 /* LocationDto.m */ = {isa = PBXFileReference; fileEncoding = 4; lastKnownFileType = sourcecode.c.objc; path = LocationDto.m; sourceTree = "<group>"; };
		E10B72FF1797DFAF005D9D32 /* HolidayDto.h */ = {isa = PBXFileReference; fileEncoding = 4; lastKnownFileType = sourcecode.c.h; path = HolidayDto.h; sourceTree = "<group>"; };
		E10B73001797DFAF005D9D32 /* HolidayDto.m */ = {isa = PBXFileReference; fileEncoding = 4; lastKnownFileType = sourcecode.c.objc; path = HolidayDto.m; sourceTree = "<group>"; };
		E10D601117AFAE4E00036690 /* ContactsSocialMediaTableCell.xib */ = {isa = PBXFileReference; fileEncoding = 4; lastKnownFileType = file.xib; path = ContactsSocialMediaTableCell.xib; sourceTree = "<group>"; };
		E10D601317AFAF4100036690 /* facebook.png */ = {isa = PBXFileReference; lastKnownFileType = image.png; name = facebook.png; path = CampusInfo1/resources/icons/facebook.png; sourceTree = "<group>"; };
		E10D601417AFAF4100036690 /* issuu.png */ = {isa = PBXFileReference; lastKnownFileType = image.png; name = issuu.png; path = CampusInfo1/resources/icons/issuu.png; sourceTree = "<group>"; };
		E10D601517AFAF4100036690 /* twitter.png */ = {isa = PBXFileReference; lastKnownFileType = image.png; name = twitter.png; path = CampusInfo1/resources/icons/twitter.png; sourceTree = "<group>"; };
		E10D601617AFAF4100036690 /* xing.png */ = {isa = PBXFileReference; lastKnownFileType = image.png; name = xing.png; path = CampusInfo1/resources/icons/xing.png; sourceTree = "<group>"; };
		E10D601717AFAF4100036690 /* youtube.png */ = {isa = PBXFileReference; lastKnownFileType = image.png; name = youtube.png; path = CampusInfo1/resources/icons/youtube.png; sourceTree = "<group>"; };
		E10D601E17AFDA4500036690 /* Icon@2x.png */ = {isa = PBXFileReference; lastKnownFileType = image.png; name = "Icon@2x.png"; path = "CampusInfo1/resources/Icon@2x.png"; sourceTree = "<group>"; };
		E12AD04717B0E9E4009A9B1B /* CampusInfoLogicTests.octest */ = {isa = PBXFileReference; explicitFileType = wrapper.cfbundle; includeInIndex = 0; path = CampusInfoLogicTests.octest; sourceTree = BUILT_PRODUCTS_DIR; };
		E12AD04817B0E9E4009A9B1B /* SenTestingKit.framework */ = {isa = PBXFileReference; lastKnownFileType = wrapper.framework; name = SenTestingKit.framework; path = Library/Frameworks/SenTestingKit.framework; sourceTree = DEVELOPER_DIR; };
		E12AD04E17B0E9E4009A9B1B /* CampusInfoLogicTests-Info.plist */ = {isa = PBXFileReference; lastKnownFileType = text.plist.xml; path = "CampusInfoLogicTests-Info.plist"; sourceTree = "<group>"; };
		E12AD05017B0E9E4009A9B1B /* en */ = {isa = PBXFileReference; lastKnownFileType = text.plist.strings; name = en; path = en.lproj/InfoPlist.strings; sourceTree = "<group>"; };
		E12AD05217B0E9E4009A9B1B /* CampusInfoLogicTests.h */ = {isa = PBXFileReference; lastKnownFileType = sourcecode.c.h; path = CampusInfoLogicTests.h; sourceTree = "<group>"; };
		E12AD05317B0E9E4009A9B1B /* CampusInfoLogicTests.m */ = {isa = PBXFileReference; lastKnownFileType = sourcecode.c.objc; path = CampusInfoLogicTests.m; sourceTree = "<group>"; };
		E12AD05517B0E9E4009A9B1B /* CampusInfoLogicTests-Prefix.pch */ = {isa = PBXFileReference; lastKnownFileType = sourcecode.c.h; path = "CampusInfoLogicTests-Prefix.pch"; sourceTree = "<group>"; };
		E12AD05917B0EBEA009A9B1B /* ScheduleDtoTest.h */ = {isa = PBXFileReference; fileEncoding = 4; lastKnownFileType = sourcecode.c.h; path = ScheduleDtoTest.h; sourceTree = "<group>"; };
		E12AD05A17B0EBEA009A9B1B /* ScheduleDtoTest.m */ = {isa = PBXFileReference; fileEncoding = 4; lastKnownFileType = sourcecode.c.objc; path = ScheduleDtoTest.m; sourceTree = "<group>"; };
		E12B3FFE17968AA1000555AE /* MensaViewController.h */ = {isa = PBXFileReference; fileEncoding = 4; lastKnownFileType = sourcecode.c.h; path = MensaViewController.h; sourceTree = "<group>"; };
		E12B3FFF17968AA1000555AE /* MensaViewController.m */ = {isa = PBXFileReference; fileEncoding = 4; lastKnownFileType = sourcecode.c.objc; path = MensaViewController.m; sourceTree = "<group>"; };
		E12B400017968AA1000555AE /* MensaViewController.xib */ = {isa = PBXFileReference; fileEncoding = 4; lastKnownFileType = file.xib; path = MensaViewController.xib; sourceTree = "<group>"; };
		E12B400317968F7E000555AE /* MensaOverviewTableCell.xib */ = {isa = PBXFileReference; fileEncoding = 4; lastKnownFileType = file.xib; path = MensaOverviewTableCell.xib; sourceTree = "<group>"; };
		E12B40061796B786000555AE /* WeekdayDto.h */ = {isa = PBXFileReference; fileEncoding = 4; lastKnownFileType = sourcecode.c.h; path = WeekdayDto.h; sourceTree = "<group>"; };
		E12B40071796B786000555AE /* WeekdayDto.m */ = {isa = PBXFileReference; fileEncoding = 4; lastKnownFileType = sourcecode.c.objc; path = WeekdayDto.m; sourceTree = "<group>"; };
		E12B40091796D25C000555AE /* GastronomicFacilityDto.h */ = {isa = PBXFileReference; fileEncoding = 4; lastKnownFileType = sourcecode.c.h; path = GastronomicFacilityDto.h; sourceTree = "<group>"; };
		E12B400A1796D25C000555AE /* GastronomicFacilityDto.m */ = {isa = PBXFileReference; fileEncoding = 4; lastKnownFileType = sourcecode.c.objc; path = GastronomicFacilityDto.m; sourceTree = "<group>"; };
		E13AA94F17B2416B0061E0ED /* StudentsDto.h */ = {isa = PBXFileReference; fileEncoding = 4; lastKnownFileType = sourcecode.c.h; path = StudentsDto.h; sourceTree = "<group>"; };
		E13AA95017B2416B0061E0ED /* StudentsDto.m */ = {isa = PBXFileReference; fileEncoding = 4; lastKnownFileType = sourcecode.c.objc; path = StudentsDto.m; sourceTree = "<group>"; };
		E13AA95217B248620061E0ED /* LecturersDto.h */ = {isa = PBXFileReference; fileEncoding = 4; lastKnownFileType = sourcecode.c.h; path = LecturersDto.h; sourceTree = "<group>"; };
		E13AA95317B248620061E0ED /* LecturersDto.m */ = {isa = PBXFileReference; fileEncoding = 4; lastKnownFileType = sourcecode.c.objc; path = LecturersDto.m; sourceTree = "<group>"; };
		E13AA95517B269330061E0ED /* CoursesDto.h */ = {isa = PBXFileReference; fileEncoding = 4; lastKnownFileType = sourcecode.c.h; path = CoursesDto.h; sourceTree = "<group>"; };
		E13AA95617B269330061E0ED /* CoursesDto.m */ = {isa = PBXFileReference; fileEncoding = 4; lastKnownFileType = sourcecode.c.objc; path = CoursesDto.m; sourceTree = "<group>"; };
		E13AA95817B269480061E0ED /* RoomsDto.h */ = {isa = PBXFileReference; fileEncoding = 4; lastKnownFileType = sourcecode.c.h; path = RoomsDto.h; sourceTree = "<group>"; };
		E13AA95917B269480061E0ED /* RoomsDto.m */ = {isa = PBXFileReference; fileEncoding = 4; lastKnownFileType = sourcecode.c.objc; path = RoomsDto.m; sourceTree = "<group>"; };
		E13AA95B17B269580061E0ED /* ClassesDto.h */ = {isa = PBXFileReference; fileEncoding = 4; lastKnownFileType = sourcecode.c.h; path = ClassesDto.h; sourceTree = "<group>"; };
		E13AA95C17B269580061E0ED /* ClassesDto.m */ = {isa = PBXFileReference; fileEncoding = 4; lastKnownFileType = sourcecode.c.objc; path = ClassesDto.m; sourceTree = "<group>"; };
		E13AA96217B285600061E0ED /* MenuOverviewController.h */ = {isa = PBXFileReference; fileEncoding = 4; lastKnownFileType = sourcecode.c.h; path = MenuOverviewController.h; sourceTree = "<group>"; };
		E13AA96317B285600061E0ED /* MenuOverviewController.m */ = {isa = PBXFileReference; fileEncoding = 4; lastKnownFileType = sourcecode.c.objc; path = MenuOverviewController.m; sourceTree = "<group>"; };
		E13AA96417B285600061E0ED /* MenuOverviewController.xib */ = {isa = PBXFileReference; fileEncoding = 4; lastKnownFileType = file.xib; path = MenuOverviewController.xib; sourceTree = "<group>"; };
		E13AA96717B286D40061E0ED /* MenuTimeTableCell.xib */ = {isa = PBXFileReference; fileEncoding = 4; lastKnownFileType = file.xib; path = MenuTimeTableCell.xib; sourceTree = "<group>"; };
		E13AA96917B28E400061E0ED /* MenuMensaTableCell.xib */ = {isa = PBXFileReference; fileEncoding = 4; lastKnownFileType = file.xib; path = MenuMensaTableCell.xib; sourceTree = "<group>"; };
		E13D3B5817412F0500F534DB /* ChooseDateViewController.h */ = {isa = PBXFileReference; fileEncoding = 4; lastKnownFileType = sourcecode.c.h; path = ChooseDateViewController.h; sourceTree = "<group>"; };
		E13D3B5917412F0500F534DB /* ChooseDateViewController.m */ = {isa = PBXFileReference; fileEncoding = 4; lastKnownFileType = sourcecode.c.objc; path = ChooseDateViewController.m; sourceTree = "<group>"; };
		E13D3B5A17412F0500F534DB /* ChooseDateViewController.xib */ = {isa = PBXFileReference; fileEncoding = 4; lastKnownFileType = file.xib; path = ChooseDateViewController.xib; sourceTree = "<group>"; };
		E153641717997C0E00F18559 /* catering.png */ = {isa = PBXFileReference; lastKnownFileType = image.png; name = catering.png; path = CampusInfo1/resources/icons/catering.png; sourceTree = "<group>"; };
		E153641817997C0E00F18559 /* catering@2x.png */ = {isa = PBXFileReference; lastKnownFileType = image.png; name = "catering@2x.png"; path = "CampusInfo1/resources/icons/catering@2x.png"; sourceTree = "<group>"; };
		E153641917997C0E00F18559 /* events.png */ = {isa = PBXFileReference; lastKnownFileType = image.png; name = events.png; path = CampusInfo1/resources/icons/events.png; sourceTree = "<group>"; };
		E153641A17997C0E00F18559 /* events@2x.png */ = {isa = PBXFileReference; lastKnownFileType = image.png; name = "events@2x.png"; path = "CampusInfo1/resources/icons/events@2x.png"; sourceTree = "<group>"; };
		E153641B17997C0E00F18559 /* schedule.png */ = {isa = PBXFileReference; lastKnownFileType = image.png; name = schedule.png; path = CampusInfo1/resources/icons/schedule.png; sourceTree = "<group>"; };
		E153641C17997C0E00F18559 /* schedule@2x.png */ = {isa = PBXFileReference; lastKnownFileType = image.png; name = "schedule@2x.png"; path = "CampusInfo1/resources/icons/schedule@2x.png"; sourceTree = "<group>"; };
		E153641D17997C0E00F18559 /* search@2x.png */ = {isa = PBXFileReference; lastKnownFileType = image.png; name = "search@2x.png"; path = "CampusInfo1/resources/icons/search@2x.png"; sourceTree = "<group>"; };
		E153641E17997C0E00F18559 /* settings@2x.png */ = {isa = PBXFileReference; lastKnownFileType = image.png; name = "settings@2x.png"; path = "CampusInfo1/resources/icons/settings@2x.png"; sourceTree = "<group>"; };
		E155A996179E777800726C39 /* SideDishDto.h */ = {isa = PBXFileReference; fileEncoding = 4; lastKnownFileType = sourcecode.c.h; path = SideDishDto.h; sourceTree = "<group>"; };
		E155A997179E777800726C39 /* SideDishDto.m */ = {isa = PBXFileReference; fileEncoding = 4; lastKnownFileType = sourcecode.c.objc; path = SideDishDto.m; sourceTree = "<group>"; };
		E155A999179E789400726C39 /* DishDto.h */ = {isa = PBXFileReference; fileEncoding = 4; lastKnownFileType = sourcecode.c.h; path = DishDto.h; sourceTree = "<group>"; };
		E155A99A179E789400726C39 /* DishDto.m */ = {isa = PBXFileReference; fileEncoding = 4; lastKnownFileType = sourcecode.c.objc; path = DishDto.m; sourceTree = "<group>"; };
		E155A99C179E82A700726C39 /* MenuPlanDto.h */ = {isa = PBXFileReference; fileEncoding = 4; lastKnownFileType = sourcecode.c.h; path = MenuPlanDto.h; sourceTree = "<group>"; };
		E155A99D179E82A700726C39 /* MenuPlanDto.m */ = {isa = PBXFileReference; fileEncoding = 4; lastKnownFileType = sourcecode.c.objc; path = MenuPlanDto.m; sourceTree = "<group>"; };
		E155A99F179E82C900726C39 /* CalendarWeekDto.h */ = {isa = PBXFileReference; fileEncoding = 4; lastKnownFileType = sourcecode.c.h; path = CalendarWeekDto.h; sourceTree = "<group>"; };
		E155A9A0179E82C900726C39 /* CalendarWeekDto.m */ = {isa = PBXFileReference; fileEncoding = 4; lastKnownFileType = sourcecode.c.objc; path = CalendarWeekDto.m; sourceTree = "<group>"; };
		E155A9A2179E85FD00726C39 /* MenuDto.h */ = {isa = PBXFileReference; fileEncoding = 4; lastKnownFileType = sourcecode.c.h; path = MenuDto.h; sourceTree = "<group>"; };
		E155A9A3179E85FD00726C39 /* MenuDto.m */ = {isa = PBXFileReference; fileEncoding = 4; lastKnownFileType = sourcecode.c.objc; path = MenuDto.m; sourceTree = "<group>"; };
		E16C642217ABDC0100BEDBB3 /* ContactsViewController.h */ = {isa = PBXFileReference; fileEncoding = 4; lastKnownFileType = sourcecode.c.h; path = ContactsViewController.h; sourceTree = "<group>"; };
		E16C642317ABDC0100BEDBB3 /* ContactsViewController.m */ = {isa = PBXFileReference; fileEncoding = 4; lastKnownFileType = sourcecode.c.objc; path = ContactsViewController.m; sourceTree = "<group>"; };
		E16C642417ABDC0100BEDBB3 /* ContactsViewController.xib */ = {isa = PBXFileReference; fileEncoding = 4; lastKnownFileType = file.xib; path = ContactsViewController.xib; sourceTree = "<group>"; };
		E16C642717ABDC4600BEDBB3 /* EmergencyViewController.h */ = {isa = PBXFileReference; fileEncoding = 4; lastKnownFileType = sourcecode.c.h; path = EmergencyViewController.h; sourceTree = "<group>"; };
		E16C642817ABDC4600BEDBB3 /* EmergencyViewController.m */ = {isa = PBXFileReference; fileEncoding = 4; lastKnownFileType = sourcecode.c.objc; path = EmergencyViewController.m; sourceTree = "<group>"; };
		E16C642917ABDC4600BEDBB3 /* EmergencyViewController.xib */ = {isa = PBXFileReference; fileEncoding = 4; lastKnownFileType = file.xib; path = EmergencyViewController.xib; sourceTree = "<group>"; };
		E17842D0178309160059EA3C /* DBCachingForAutocomplete.h */ = {isa = PBXFileReference; fileEncoding = 4; lastKnownFileType = sourcecode.c.h; path = DBCachingForAutocomplete.h; sourceTree = "<group>"; };
		E17842D1178309160059EA3C /* DBCachingForAutocomplete.m */ = {isa = PBXFileReference; fileEncoding = 4; lastKnownFileType = sourcecode.c.objc; path = DBCachingForAutocomplete.m; sourceTree = "<group>"; };
		E195FF35178188A30065DF05 /* libsqlite3.dylib */ = {isa = PBXFileReference; lastKnownFileType = "compiled.mach-o.dylib"; name = libsqlite3.dylib; path = usr/lib/libsqlite3.dylib; sourceTree = SDKROOT; };
		E1ACAF4B17B3836C00F2630B /* ZHAW-App-Banner.png */ = {isa = PBXFileReference; lastKnownFileType = image.png; name = "ZHAW-App-Banner.png"; path = "CampusInfo1/resources/icons/ZHAW-App-Banner.png"; sourceTree = "<group>"; };
		E1BC14C0175F8D4900FE2854 /* Autocomplete.h */ = {isa = PBXFileReference; fileEncoding = 4; lastKnownFileType = sourcecode.c.h; path = Autocomplete.h; sourceTree = "<group>"; };
		E1BC14C1175F8D4900FE2854 /* Autocomplete.m */ = {isa = PBXFileReference; fileEncoding = 4; lastKnownFileType = sourcecode.c.objc; path = Autocomplete.m; sourceTree = "<group>"; };
		E1BC561F179D290A007E235D /* MensaDetailViewController.h */ = {isa = PBXFileReference; fileEncoding = 4; lastKnownFileType = sourcecode.c.h; path = MensaDetailViewController.h; sourceTree = "<group>"; };
		E1BC5620179D290A007E235D /* MensaDetailViewController.m */ = {isa = PBXFileReference; fileEncoding = 4; lastKnownFileType = sourcecode.c.objc; path = MensaDetailViewController.m; sourceTree = "<group>"; };
		E1BC5621179D290A007E235D /* MensaDetailViewController.xib */ = {isa = PBXFileReference; fileEncoding = 4; lastKnownFileType = file.xib; path = MensaDetailViewController.xib; sourceTree = "<group>"; };
		E1BC5627179D7638007E235D /* MensaDetailTableCell.xib */ = {isa = PBXFileReference; fileEncoding = 4; lastKnownFileType = file.xib; path = MensaDetailTableCell.xib; sourceTree = "<group>"; };
		E1C9B2291743894F00BD3DAE /* TwoSlotsFourRoomsTableCell.xib */ = {isa = PBXFileReference; fileEncoding = 4; lastKnownFileType = file.xib; path = TwoSlotsFourRoomsTableCell.xib; sourceTree = "<group>"; };
		E1D48A591757856400BB1652 /* GradientButton.h */ = {isa = PBXFileReference; fileEncoding = 4; lastKnownFileType = sourcecode.c.h; path = GradientButton.h; sourceTree = "<group>"; };
		E1D48A5A1757856400BB1652 /* GradientButton.m */ = {isa = PBXFileReference; fileEncoding = 4; lastKnownFileType = sourcecode.c.objc; path = GradientButton.m; sourceTree = "<group>"; };
		E1D48A5C17579AA500BB1652 /* Default.png */ = {isa = PBXFileReference; lastKnownFileType = image.png; path = Default.png; sourceTree = "<group>"; };
		E1D48A5E17579C5D00BB1652 /* Default-568h@2x.png */ = {isa = PBXFileReference; lastKnownFileType = image.png; path = "Default-568h@2x.png"; sourceTree = "<group>"; };
		E1D7EFF5178DA03D00100293 /* DateFormation.h */ = {isa = PBXFileReference; fileEncoding = 4; lastKnownFileType = sourcecode.c.h; path = DateFormation.h; sourceTree = "<group>"; };
		E1D7EFF6178DA03D00100293 /* DateFormation.m */ = {isa = PBXFileReference; fileEncoding = 4; lastKnownFileType = sourcecode.c.objc; path = DateFormation.m; sourceTree = "<group>"; };
		E1DA96791740E41C00CA206F /* SettingsViewController.h */ = {isa = PBXFileReference; fileEncoding = 4; lastKnownFileType = sourcecode.c.h; path = SettingsViewController.h; sourceTree = "<group>"; };
		E1DA967A1740E41C00CA206F /* SettingsViewController.m */ = {isa = PBXFileReference; fileEncoding = 4; lastKnownFileType = sourcecode.c.objc; path = SettingsViewController.m; sourceTree = "<group>"; };
		E1DA967B1740E41C00CA206F /* SettingsViewController.xib */ = {isa = PBXFileReference; fileEncoding = 4; lastKnownFileType = file.xib; path = SettingsViewController.xib; sourceTree = "<group>"; };
/* End PBXFileReference section */

/* Begin PBXFrameworksBuildPhase section */
		A35A34111520814700181E3F /* Frameworks */ = {
			isa = PBXFrameworksBuildPhase;
			buildActionMask = 2147483647;
			files = (
				E195FF36178188A30065DF05 /* libsqlite3.dylib in Frameworks */,
				A35A34191520814800181E3F /* UIKit.framework in Frameworks */,
				A35A341B1520814800181E3F /* Foundation.framework in Frameworks */,
				A35A341D1520814800181E3F /* CoreGraphics.framework in Frameworks */,
			);
			runOnlyForDeploymentPostprocessing = 0;
		};
		E12AD04317B0E9E4009A9B1B /* Frameworks */ = {
			isa = PBXFrameworksBuildPhase;
			buildActionMask = 2147483647;
			files = (
				E12AD04917B0E9E4009A9B1B /* SenTestingKit.framework in Frameworks */,
				E12AD04A17B0E9E4009A9B1B /* UIKit.framework in Frameworks */,
				E12AD04B17B0E9E4009A9B1B /* Foundation.framework in Frameworks */,
			);
			runOnlyForDeploymentPostprocessing = 0;
		};
/* End PBXFrameworksBuildPhase section */

/* Begin PBXGroup section */
		2724546417B7EBB7005F979C /* Contacts */ = {
			isa = PBXGroup;
			children = (
				2724546517B7EBE4005F979C /* ContactsOverViewController.h */,
				2724546617B7EBE4005F979C /* ContactsOverViewController.m */,
				2724546717B7EBE4005F979C /* ContactsOverViewController.xib */,
				E16C642217ABDC0100BEDBB3 /* ContactsViewController.h */,
				E16C642317ABDC0100BEDBB3 /* ContactsViewController.m */,
				E16C642417ABDC0100BEDBB3 /* ContactsViewController.xib */,
				E16C642717ABDC4600BEDBB3 /* EmergencyViewController.h */,
				E16C642817ABDC4600BEDBB3 /* EmergencyViewController.m */,
				E16C642917ABDC4600BEDBB3 /* EmergencyViewController.xib */,
				27AC5C7417AEADD8006A1774 /* ContactsTableCells */,
			);
			name = Contacts;
			sourceTree = "<group>";
		};
		27AC5C7317AEADA7006A1774 /* EmergencyTableCells */ = {
			isa = PBXGroup;
			children = (
				271CB2BD17AD196A005CC185 /* EmergencyDetailTableCell.xib */,
				271CB2BF17AD198E005CC185 /* EmergencyOverviewTableCell.xib */,
				271CB2C117AD26F2005CC185 /* EmergencyInformTableCell.xib */,
			);
			name = EmergencyTableCells;
			sourceTree = "<group>";
		};
		27AC5C7417AEADD8006A1774 /* ContactsTableCells */ = {
			isa = PBXGroup;
			children = (
				27AC5C7517AEAE14006A1774 /* ContactsOverviewTableCell.xib */,
				27AC5C7917AEAF9B006A1774 /* ContactsPhoneTableCell.xib */,
				2709DED317AEDEF5002E714F /* ContactsPlaceTableCell.xib */,
				E10D601117AFAE4E00036690 /* ContactsSocialMediaTableCell.xib */,
			);
			name = ContactsTableCells;
			sourceTree = "<group>";
		};
		27C1ED19157A51AC000DF028 /* TimeTableCells */ = {
			isa = PBXGroup;
			children = (
				276ED473173BE5CA00EF79D5 /* EmptyTableCell.xib */,
				2763A9E7174E62B10051255C /* ErrorMessageCell.xib */,
				A398BA64152383D900F98450 /* OneSlotOneRoomTableCell.xib */,
				27761DA21578EF0400477BC0 /* OneSlotTwoRoomsTableCell.xib */,
				27761D9C1578E39F00477BC0 /* OneSlotThreeRoomsTableCell.xib */,
				2700DD231699E72F002906D0 /* OneSlotFourRoomsTableCell.xib */,
				27761DA715791E7C00477BC0 /* OneSlotFiveRoomsTableCell.xib */,
				27761DAD157929BD00477BC0 /* OneSlotSixRoomsTableCell.xib */,
				2700DD291699EC2C002906D0 /* OneSlotSevenRoomsTableCell.xib */,
				27761DA5157914D200477BC0 /* OneSlotEightRoomsTableCell.xib */,
				27BEC5D31567845A00F9AA4E /* TwoSlotsOneRoomTableCell.xib */,
				27761DB01579333100477BC0 /* TwoSlotsTwoRoomsTableCell.xib */,
				270ACE1C174EA09D00F72E2A /* TwoSlotsThreeRoomsTableCell.xib */,
				E1C9B2291743894F00BD3DAE /* TwoSlotsFourRoomsTableCell.xib */,
				275ACAD0173D4AD20091B266 /* TwoSlotSixRoomsTableCell.xib */,
				27761D991578C1C200477BC0 /* ThreeSlotsOneRoomTableCell.xib */,
				2700DD2C1699F2C4002906D0 /* ThreeSlotsTwoRoomsTableCell.xib */,
				2700DD2E1699F854002906D0 /* ThreeSlotsThreeRoomsTableCell.xib */,
				27650DEE156D749E004B0FA2 /* FourSlotsOneRoomTableCell.xib */,
				27761DB21579427500477BC0 /* FourSlotsTwoRoomsTableCell.xib */,
				27761DB415794AB900477BC0 /* FourSlotsThreeRoomsTableCell.xib */,
				E108614817944B110001C8E1 /* FourSlotsFiveRoomsTableCell.xib */,
				27C1ED1C157A6867000DF028 /* FiveSlotsOneRoomTableCell.xib */,
				275ACACC173D36C90091B266 /* SixSlotsTwoRoomsTableCell.xib */,
				275ACACE173D3BB50091B266 /* SixSlotsOneRoomTableCell.xib */,
				E1086146179432460001C8E1 /* SevenSlotsOneRoomTableCell.xib */,
				2700DD201699DD1A002906D0 /* EightSlotsOneRoomTableCell.xib */,
			);
			name = TimeTableCells;
			sourceTree = "<group>";
		};
		27C1ED1B157A5C02000DF028 /* DetailTableCells */ = {
			isa = PBXGroup;
			children = (
				27C217D0154D47A700BA423D /* DetailTableCell.xib */,
				277759771573F3F100BB3CBB /* DetailTableCellWithButton.xib */,
			);
			name = DetailTableCells;
			sourceTree = "<group>";
		};
		A35A34091520814700181E3F = {
			isa = PBXGroup;
			children = (
				27E0AA9B1550420C00D83EC1 /* Icon.png */,
				E10D601E17AFDA4500036690 /* Icon@2x.png */,
				E195FF35178188A30065DF05 /* libsqlite3.dylib */,
				E1D48A5E17579C5D00BB1652 /* Default-568h@2x.png */,
				E1D48A5C17579AA500BB1652 /* Default.png */,
				A35A344E152082F600181E3F /* Resources */,
				A35A341E1520814800181E3F /* CampusInfo1 */,
				E12AD04C17B0E9E4009A9B1B /* CampusInfoLogicTests */,
				A35A34171520814800181E3F /* Frameworks */,
				A35A34151520814800181E3F /* Products */,
			);
			sourceTree = "<group>";
		};
		A35A34151520814800181E3F /* Products */ = {
			isa = PBXGroup;
			children = (
				A35A34141520814800181E3F /* Engineering.app */,
				E12AD04717B0E9E4009A9B1B /* CampusInfoLogicTests.octest */,
			);
			name = Products;
			sourceTree = "<group>";
		};
		A35A34171520814800181E3F /* Frameworks */ = {
			isa = PBXGroup;
			children = (
				A35A34181520814800181E3F /* UIKit.framework */,
				A35A341A1520814800181E3F /* Foundation.framework */,
				A35A341C1520814800181E3F /* CoreGraphics.framework */,
				E12AD04817B0E9E4009A9B1B /* SenTestingKit.framework */,
			);
			name = Frameworks;
			sourceTree = "<group>";
		};
		A35A341E1520814800181E3F /* CampusInfo1 */ = {
			isa = PBXGroup;
			children = (
				2724546417B7EBB7005F979C /* Contacts */,
				E13AA95E17B284DF0061E0ED /* MenuOverview */,
				E13AA94E17B241150061E0ED /* TimeTableOwnerDto */,
				E155A995179E773300726C39 /* MensaMenuDto */,
				E12B40051796B51F000555AE /* MensaOverviewDto */,
				E12B3FF9179689C0000555AE /* Mensa */,
				E1B13AB9178EA0DF00C037F8 /* Helper */,
				E17842CF178308720059EA3C /* Settings */,
				E17842CE1783084D0059EA3C /* Search */,
				A3A551371525DD5400BCAF3D /* TimeTableDto */,
				A35A34551520843F00181E3F /* TimeTable */,
				A35A34271520814800181E3F /* CampusInfo1AppDelegate.h */,
				A35A34281520814800181E3F /* CampusInfo1AppDelegate.m */,
				A35A342A1520814800181E3F /* MainWindow.xib */,
				27FBF7251551A83600C09ED9 /* StartpageViewController.h */,
				27FBF7261551A83600C09ED9 /* StartpageViewController.m */,
				27FBF7271551A83600C09ED9 /* StartpageViewController.xib */,
				A35A341F1520814800181E3F /* Supporting Files */,
			);
			path = CampusInfo1;
			sourceTree = "<group>";
		};
		A35A341F1520814800181E3F /* Supporting Files */ = {
			isa = PBXGroup;
			children = (
				A35A34201520814800181E3F /* CampusInfo1-Info.plist */,
				A35A34211520814800181E3F /* InfoPlist.strings */,
				A35A34241520814800181E3F /* CampusInfo1-Prefix.pch */,
				A35A34251520814800181E3F /* main.m */,
			);
			name = "Supporting Files";
			sourceTree = "<group>";
		};
		A35A344E152082F600181E3F /* Resources */ = {
			isa = PBXGroup;
			children = (
				A35A34501520830700181E3F /* Icon */,
			);
			name = Resources;
			sourceTree = "<group>";
		};
		A35A34501520830700181E3F /* Icon */ = {
			isa = PBXGroup;
			children = (
				274AE0CC17B528340031E912 /* zhaw_logo.png */,
				E1ACAF4B17B3836C00F2630B /* ZHAW-App-Banner.png */,
				E10D601317AFAF4100036690 /* facebook.png */,
				E10D601417AFAF4100036690 /* issuu.png */,
				E10D601517AFAF4100036690 /* twitter.png */,
				E10D601617AFAF4100036690 /* xing.png */,
				E10D601717AFAF4100036690 /* youtube.png */,
				E153641717997C0E00F18559 /* catering.png */,
				E153641817997C0E00F18559 /* catering@2x.png */,
				E153641917997C0E00F18559 /* events.png */,
				E153641A17997C0E00F18559 /* events@2x.png */,
				E153641B17997C0E00F18559 /* schedule.png */,
				E153641C17997C0E00F18559 /* schedule@2x.png */,
				E153641D17997C0E00F18559 /* search@2x.png */,
				E153641E17997C0E00F18559 /* settings@2x.png */,
				27943587174686E40077923D /* settings.png */,
				277DDD811534A54B006136B5 /* arrowRight_small.png */,
				277DDD7F1534A509006136B5 /* arrowLeft_small.png */,
				A35A34531520839E00181E3F /* search.png */,
				A35A34511520839400181E3F /* today.png */,
			);
			name = Icon;
			sourceTree = "<group>";
		};
		A35A34551520843F00181E3F /* TimeTable */ = {
			isa = PBXGroup;
			children = (
				27C1ED1B157A5C02000DF028 /* DetailTableCells */,
				27C1ED19157A51AC000DF028 /* TimeTableCells */,
				A3A865491520A0C90074FFE5 /* TimeTableOverviewController.h */,
				A3A8654A1520A0C90074FFE5 /* TimeTableOverviewController.m */,
				A3A8654B1520A0C90074FFE5 /* TimeTableOverviewController.xib */,
				27B66925153AE0D8004D3ABC /* TimeTableAsyncRequest.h */,
				27B66926153AE0D8004D3ABC /* TimeTableAsyncRequest.m */,
				27CCE302154414180057D9F8 /* TimeTableDetailController.h */,
				27CCE303154414180057D9F8 /* TimeTableDetailController.m */,
				27CCE304154414180057D9F8 /* TimeTableDetailController.xib */,
			);
			name = TimeTable;
			sourceTree = "<group>";
		};
		A3A551371525DD5400BCAF3D /* TimeTableDto */ = {
			isa = PBXGroup;
			children = (
				A3A551381525DDB700BCAF3D /* SchoolClassDto.h */,
				A3A551391525DDB700BCAF3D /* SchoolClassDto.m */,
				A3A5513B1525E29F00BCAF3D /* RoomDto.h */,
				A3A5513C1525E29F00BCAF3D /* RoomDto.m */,
				A3A5513E1525E33900BCAF3D /* PersonDto.h */,
				A3A5513F1525E33900BCAF3D /* PersonDto.m */,
				A3A551441525EB8B00BCAF3D /* SlotDto.h */,
				A3A551451525EB8B00BCAF3D /* SlotDto.m */,
				A3811C4F15274C7A00A43735 /* DayDto.h */,
				A3811C5015274C7A00A43735 /* DayDto.m */,
				A3811C5315274F4400A43735 /* ScheduleDto.h */,
				A3811C5415274F4400A43735 /* ScheduleDto.m */,
				2779DA5315544A0100923A54 /* DepartmentDto.h */,
				2779DA5415544A6600923A54 /* DepartmentDto.m */,
				27795DFE1558498300D0F350 /* ScheduleEventDto.h */,
				27795DFF1558498300D0F350 /* ScheduleEventDto.m */,
				27E8229C155D214A006EA12D /* ScheduleEventRealizationDto.h */,
				27E8229D155D214A006EA12D /* ScheduleEventRealizationDto.m */,
				277EDF77155D60DB002BCE1F /* ScheduleCourseDto.h */,
				277EDF78155D60DC002BCE1F /* ScheduleCourseDto.m */,
			);
			name = TimeTableDto;
			sourceTree = "<group>";
		};
		E10D601D17AFD2B500036690 /* MensaTableCells */ = {
			isa = PBXGroup;
			children = (
				E1BC5627179D7638007E235D /* MensaDetailTableCell.xib */,
				E12B400317968F7E000555AE /* MensaOverviewTableCell.xib */,
			);
			name = MensaTableCells;
			sourceTree = "<group>";
		};
		E12AD04C17B0E9E4009A9B1B /* CampusInfoLogicTests */ = {
			isa = PBXGroup;
			children = (
				E12AD05217B0E9E4009A9B1B /* CampusInfoLogicTests.h */,
				E12AD05317B0E9E4009A9B1B /* CampusInfoLogicTests.m */,
				E12AD04D17B0E9E4009A9B1B /* Supporting Files */,
				E12AD05917B0EBEA009A9B1B /* ScheduleDtoTest.h */,
				E12AD05A17B0EBEA009A9B1B /* ScheduleDtoTest.m */,
			);
			path = CampusInfoLogicTests;
			sourceTree = "<group>";
		};
		E12AD04D17B0E9E4009A9B1B /* Supporting Files */ = {
			isa = PBXGroup;
			children = (
				E12AD04E17B0E9E4009A9B1B /* CampusInfoLogicTests-Info.plist */,
				E12AD04F17B0E9E4009A9B1B /* InfoPlist.strings */,
				E12AD05517B0E9E4009A9B1B /* CampusInfoLogicTests-Prefix.pch */,
			);
			name = "Supporting Files";
			sourceTree = "<group>";
		};
		E12B3FF9179689C0000555AE /* Mensa */ = {
			isa = PBXGroup;
			children = (
				E10D601D17AFD2B500036690 /* MensaTableCells */,
				E12B3FFE17968AA1000555AE /* MensaViewController.h */,
				E12B3FFF17968AA1000555AE /* MensaViewController.m */,
				E12B400017968AA1000555AE /* MensaViewController.xib */,
				E1BC561F179D290A007E235D /* MensaDetailViewController.h */,
				E1BC5620179D290A007E235D /* MensaDetailViewController.m */,
				E1BC5621179D290A007E235D /* MensaDetailViewController.xib */,
			);
			name = Mensa;
			sourceTree = "<group>";
		};
		E12B40051796B51F000555AE /* MensaOverviewDto */ = {
			isa = PBXGroup;
			children = (
				E12B40061796B786000555AE /* WeekdayDto.h */,
				E12B40071796B786000555AE /* WeekdayDto.m */,
				E12B40091796D25C000555AE /* GastronomicFacilityDto.h */,
				E12B400A1796D25C000555AE /* GastronomicFacilityDto.m */,
				E10B72F31797DB3E005D9D32 /* ServiceTimePeriodDto.h */,
				E10B72F41797DB3E005D9D32 /* ServiceTimePeriodDto.m */,
				E10B72F61797DD5E005D9D32 /* LunchTimePlanDto.h */,
				E10B72F71797DD5E005D9D32 /* LunchTimePlanDto.m */,
				E10B72F91797DE42005D9D32 /* OpeningTimePlanDto.h */,
				E10B72FA1797DE42005D9D32 /* OpeningTimePlanDto.m */,
				E10B72FC1797DE73005D9D32 /* LocationDto.h */,
				E10B72FD1797DE73005D9D32 /* LocationDto.m */,
				E10B72FF1797DFAF005D9D32 /* HolidayDto.h */,
				E10B73001797DFAF005D9D32 /* HolidayDto.m */,
			);
			name = MensaOverviewDto;
			sourceTree = "<group>";
		};
		E13AA94E17B241150061E0ED /* TimeTableOwnerDto */ = {
			isa = PBXGroup;
			children = (
				E13AA94F17B2416B0061E0ED /* StudentsDto.h */,
				E13AA95017B2416B0061E0ED /* StudentsDto.m */,
				E13AA95217B248620061E0ED /* LecturersDto.h */,
				E13AA95317B248620061E0ED /* LecturersDto.m */,
				E13AA95517B269330061E0ED /* CoursesDto.h */,
				E13AA95617B269330061E0ED /* CoursesDto.m */,
				E13AA95817B269480061E0ED /* RoomsDto.h */,
				E13AA95917B269480061E0ED /* RoomsDto.m */,
				E13AA95B17B269580061E0ED /* ClassesDto.h */,
				E13AA95C17B269580061E0ED /* ClassesDto.m */,
			);
			name = TimeTableOwnerDto;
			sourceTree = "<group>";
		};
		E13AA95E17B284DF0061E0ED /* MenuOverview */ = {
			isa = PBXGroup;
			children = (
				E13AA96217B285600061E0ED /* MenuOverviewController.h */,
				E13AA96317B285600061E0ED /* MenuOverviewController.m */,
				E13AA96417B285600061E0ED /* MenuOverviewController.xib */,
				E13AA96717B286D40061E0ED /* MenuTimeTableCell.xib */,
				E13AA96917B28E400061E0ED /* MenuMensaTableCell.xib */,
				27CFFAC017B2D02A009C66A8 /* MenuNewsTableCell.xib */,
			);
			name = MenuOverview;
			sourceTree = "<group>";
		};
		E155A995179E773300726C39 /* MensaMenuDto */ = {
			isa = PBXGroup;
			children = (
				E155A996179E777800726C39 /* SideDishDto.h */,
				E155A997179E777800726C39 /* SideDishDto.m */,
				E155A999179E789400726C39 /* DishDto.h */,
				E155A99A179E789400726C39 /* DishDto.m */,
				E155A99C179E82A700726C39 /* MenuPlanDto.h */,
				E155A99D179E82A700726C39 /* MenuPlanDto.m */,
				E155A99F179E82C900726C39 /* CalendarWeekDto.h */,
				E155A9A0179E82C900726C39 /* CalendarWeekDto.m */,
				E155A9A2179E85FD00726C39 /* MenuDto.h */,
				E155A9A3179E85FD00726C39 /* MenuDto.m */,
			);
			name = MensaMenuDto;
			sourceTree = "<group>";
		};
		E17842CE1783084D0059EA3C /* Search */ = {
			isa = PBXGroup;
			children = (
				A35A34301520814800181E3F /* SearchViewController.h */,
				A35A34311520814800181E3F /* SearchViewController.m */,
				A35A34361520814800181E3F /* SearchView.xib */,
			);
			name = Search;
			sourceTree = "<group>";
		};
		E17842CF178308720059EA3C /* Settings */ = {
			isa = PBXGroup;
			children = (
				27AC5C7317AEADA7006A1774 /* EmergencyTableCells */,
				E1DA96791740E41C00CA206F /* SettingsViewController.h */,
				E1DA967A1740E41C00CA206F /* SettingsViewController.m */,
				E1DA967B1740E41C00CA206F /* SettingsViewController.xib */,
			);
			name = Settings;
			sourceTree = "<group>";
		};
		E1B13AB9178EA0DF00C037F8 /* Helper */ = {
			isa = PBXGroup;
			children = (
				E1BC14C0175F8D4900FE2854 /* Autocomplete.h */,
				E1BC14C1175F8D4900FE2854 /* Autocomplete.m */,
				E17842D0178309160059EA3C /* DBCachingForAutocomplete.h */,
				E17842D1178309160059EA3C /* DBCachingForAutocomplete.m */,
				E13D3B5817412F0500F534DB /* ChooseDateViewController.h */,
				E13D3B5917412F0500F534DB /* ChooseDateViewController.m */,
				E13D3B5A17412F0500F534DB /* ChooseDateViewController.xib */,
				E1D48A591757856400BB1652 /* GradientButton.h */,
				E1D48A5A1757856400BB1652 /* GradientButton.m */,
				E104C047178C397C0020EEB4 /* LanguageTranslation.h */,
				E104C048178C397C0020EEB4 /* LanguageTranslation.m */,
				E1D7EFF5178DA03D00100293 /* DateFormation.h */,
				E1D7EFF6178DA03D00100293 /* DateFormation.m */,
			);
			name = Helper;
			sourceTree = "<group>";
		};
/* End PBXGroup section */

/* Begin PBXNativeTarget section */
		A35A34131520814700181E3F /* CampusInfo1 */ = {
			isa = PBXNativeTarget;
			buildConfigurationList = A35A343B1520814800181E3F /* Build configuration list for PBXNativeTarget "CampusInfo1" */;
			buildPhases = (
				A35A34101520814700181E3F /* Sources */,
				A35A34111520814700181E3F /* Frameworks */,
				A35A34121520814700181E3F /* Resources */,
			);
			buildRules = (
			);
			dependencies = (
			);
			name = CampusInfo1;
			productName = CampusInfo1;
			productReference = A35A34141520814800181E3F /* Engineering.app */;
			productType = "com.apple.product-type.application";
		};
		E12AD04617B0E9E4009A9B1B /* CampusInfoLogicTests */ = {
			isa = PBXNativeTarget;
			buildConfigurationList = E12AD05817B0E9E4009A9B1B /* Build configuration list for PBXNativeTarget "CampusInfoLogicTests" */;
			buildPhases = (
				E12AD04217B0E9E4009A9B1B /* Sources */,
				E12AD04317B0E9E4009A9B1B /* Frameworks */,
				E12AD04417B0E9E4009A9B1B /* Resources */,
				E12AD04517B0E9E4009A9B1B /* ShellScript */,
			);
			buildRules = (
			);
			dependencies = (
			);
			name = CampusInfoLogicTests;
			productName = CampusInfoLogicTests;
			productReference = E12AD04717B0E9E4009A9B1B /* CampusInfoLogicTests.octest */;
			productType = "com.apple.product-type.bundle";
		};
/* End PBXNativeTarget section */

/* Begin PBXProject section */
		A35A340B1520814700181E3F /* Project object */ = {
			isa = PBXProject;
			attributes = {
				LastUpgradeCheck = 0460;
			};
			buildConfigurationList = A35A340E1520814700181E3F /* Build configuration list for PBXProject "CampusInfo1" */;
			compatibilityVersion = "Xcode 3.2";
			developmentRegion = English;
			hasScannedForEncodings = 0;
			knownRegions = (
				en,
			);
			mainGroup = A35A34091520814700181E3F;
			productRefGroup = A35A34151520814800181E3F /* Products */;
			projectDirPath = "";
			projectRoot = "";
			targets = (
				A35A34131520814700181E3F /* CampusInfo1 */,
				E12AD04617B0E9E4009A9B1B /* CampusInfoLogicTests */,
			);
		};
/* End PBXProject section */

/* Begin PBXResourcesBuildPhase section */
		A35A34121520814700181E3F /* Resources */ = {
			isa = PBXResourcesBuildPhase;
			buildActionMask = 2147483647;
			files = (
				A35A34231520814800181E3F /* InfoPlist.strings in Resources */,
				A35A342C1520814800181E3F /* MainWindow.xib in Resources */,
				A35A34381520814800181E3F /* SearchView.xib in Resources */,
				A35A34521520839400181E3F /* today.png in Resources */,
				A35A34541520839E00181E3F /* search.png in Resources */,
				A3A8654D1520A0C90074FFE5 /* TimeTableOverviewController.xib in Resources */,
				A398BA65152383D900F98450 /* OneSlotOneRoomTableCell.xib in Resources */,
				277DDD801534A509006136B5 /* arrowLeft_small.png in Resources */,
				277DDD821534A54B006136B5 /* arrowRight_small.png in Resources */,
				27CCE306154414190057D9F8 /* TimeTableDetailController.xib in Resources */,
				27C217D1154D47A700BA423D /* DetailTableCell.xib in Resources */,
				27E0AA9C1550420C00D83EC1 /* Icon.png in Resources */,
				27FBF7291551A83600C09ED9 /* StartpageViewController.xib in Resources */,
				27BEC5D41567845A00F9AA4E /* TwoSlotsOneRoomTableCell.xib in Resources */,
				27650DEF156D749E004B0FA2 /* FourSlotsOneRoomTableCell.xib in Resources */,
				277759781573F3F100BB3CBB /* DetailTableCellWithButton.xib in Resources */,
				27761D9A1578C1C200477BC0 /* ThreeSlotsOneRoomTableCell.xib in Resources */,
				27761D9D1578E39F00477BC0 /* OneSlotThreeRoomsTableCell.xib in Resources */,
				27761DA31578EF0400477BC0 /* OneSlotTwoRoomsTableCell.xib in Resources */,
				27761DA6157914D200477BC0 /* OneSlotEightRoomsTableCell.xib in Resources */,
				27761DA815791E7C00477BC0 /* OneSlotFiveRoomsTableCell.xib in Resources */,
				27761DAE157929BD00477BC0 /* OneSlotSixRoomsTableCell.xib in Resources */,
				27761DB11579333100477BC0 /* TwoSlotsTwoRoomsTableCell.xib in Resources */,
				27761DB31579427500477BC0 /* FourSlotsTwoRoomsTableCell.xib in Resources */,
				27761DB515794AB900477BC0 /* FourSlotsThreeRoomsTableCell.xib in Resources */,
				27C1ED1D157A6867000DF028 /* FiveSlotsOneRoomTableCell.xib in Resources */,
				2700DD211699DD1A002906D0 /* EightSlotsOneRoomTableCell.xib in Resources */,
				2700DD241699E730002906D0 /* OneSlotFourRoomsTableCell.xib in Resources */,
				2700DD2A1699EC2C002906D0 /* OneSlotSevenRoomsTableCell.xib in Resources */,
				2700DD2D1699F2C4002906D0 /* ThreeSlotsTwoRoomsTableCell.xib in Resources */,
				2700DD2F1699F854002906D0 /* ThreeSlotsThreeRoomsTableCell.xib in Resources */,
				276ED474173BE5CA00EF79D5 /* EmptyTableCell.xib in Resources */,
				275ACACD173D36C90091B266 /* SixSlotsTwoRoomsTableCell.xib in Resources */,
				275ACACF173D3BB60091B266 /* SixSlotsOneRoomTableCell.xib in Resources */,
				275ACAD1173D4AD20091B266 /* TwoSlotSixRoomsTableCell.xib in Resources */,
				E1DA967D1740E41C00CA206F /* SettingsViewController.xib in Resources */,
				E13D3B5C17412F0500F534DB /* ChooseDateViewController.xib in Resources */,
				E1C9B22A1743894F00BD3DAE /* TwoSlotsFourRoomsTableCell.xib in Resources */,
				27943588174686E40077923D /* settings.png in Resources */,
				2763A9E8174E62B10051255C /* ErrorMessageCell.xib in Resources */,
				270ACE1D174EA09D00F72E2A /* TwoSlotsThreeRoomsTableCell.xib in Resources */,
				E1D48A5D17579AA500BB1652 /* Default.png in Resources */,
				E1D48A5F17579C5D00BB1652 /* Default-568h@2x.png in Resources */,
				E1086147179432460001C8E1 /* SevenSlotsOneRoomTableCell.xib in Resources */,
				E108614917944B110001C8E1 /* FourSlotsFiveRoomsTableCell.xib in Resources */,
				E12B400217968AA1000555AE /* MensaViewController.xib in Resources */,
				E12B400417968F7E000555AE /* MensaOverviewTableCell.xib in Resources */,
				E153641F17997C0E00F18559 /* catering.png in Resources */,
				E153642017997C0E00F18559 /* catering@2x.png in Resources */,
				E153642117997C0E00F18559 /* events.png in Resources */,
				E153642217997C0E00F18559 /* events@2x.png in Resources */,
				E153642317997C0E00F18559 /* schedule.png in Resources */,
				E153642417997C0E00F18559 /* schedule@2x.png in Resources */,
				E153642517997C0E00F18559 /* search@2x.png in Resources */,
				E153642617997C0E00F18559 /* settings@2x.png in Resources */,
				E1BC5623179D290A007E235D /* MensaDetailViewController.xib in Resources */,
				E1BC5628179D7638007E235D /* MensaDetailTableCell.xib in Resources */,
				E16C642617ABDC0100BEDBB3 /* ContactsViewController.xib in Resources */,
				E16C642B17ABDC4600BEDBB3 /* EmergencyViewController.xib in Resources */,
				271CB2BE17AD196A005CC185 /* EmergencyDetailTableCell.xib in Resources */,
				271CB2C017AD198E005CC185 /* EmergencyOverviewTableCell.xib in Resources */,
				271CB2C217AD26F3005CC185 /* EmergencyInformTableCell.xib in Resources */,
				27AC5C7617AEAE14006A1774 /* ContactsOverviewTableCell.xib in Resources */,
				27AC5C7A17AEAF9B006A1774 /* ContactsPhoneTableCell.xib in Resources */,
				2709DED417AEDEF5002E714F /* ContactsPlaceTableCell.xib in Resources */,
				E10D601217AFAE4E00036690 /* ContactsSocialMediaTableCell.xib in Resources */,
				E10D601817AFAF4100036690 /* facebook.png in Resources */,
				E10D601917AFAF4100036690 /* issuu.png in Resources */,
				E10D601A17AFAF4100036690 /* twitter.png in Resources */,
				E10D601B17AFAF4100036690 /* xing.png in Resources */,
				E10D601C17AFAF4100036690 /* youtube.png in Resources */,
				E10D601F17AFDA4500036690 /* Icon@2x.png in Resources */,
				E13AA96617B285600061E0ED /* MenuOverviewController.xib in Resources */,
				E13AA96817B286D40061E0ED /* MenuTimeTableCell.xib in Resources */,
				E13AA96A17B28E400061E0ED /* MenuMensaTableCell.xib in Resources */,
				27CFFAC117B2D02A009C66A8 /* MenuNewsTableCell.xib in Resources */,
				E1ACAF4C17B3836C00F2630B /* ZHAW-App-Banner.png in Resources */,
				274AE0CD17B528340031E912 /* zhaw_logo.png in Resources */,
				2724546917B7EBE4005F979C /* ContactsOverViewController.xib in Resources */,
			);
			runOnlyForDeploymentPostprocessing = 0;
		};
		E12AD04417B0E9E4009A9B1B /* Resources */ = {
			isa = PBXResourcesBuildPhase;
			buildActionMask = 2147483647;
			files = (
				E12AD05117B0E9E4009A9B1B /* InfoPlist.strings in Resources */,
			);
			runOnlyForDeploymentPostprocessing = 0;
		};
/* End PBXResourcesBuildPhase section */

/* Begin PBXShellScriptBuildPhase section */
		E12AD04517B0E9E4009A9B1B /* ShellScript */ = {
			isa = PBXShellScriptBuildPhase;
			buildActionMask = 2147483647;
			files = (
			);
			inputPaths = (
			);
			outputPaths = (
			);
			runOnlyForDeploymentPostprocessing = 0;
			shellPath = /bin/sh;
			shellScript = "# Run the unit tests in this test bundle.\n\"${SYSTEM_DEVELOPER_DIR}/Tools/RunUnitTests\"\n";
		};
/* End PBXShellScriptBuildPhase section */

/* Begin PBXSourcesBuildPhase section */
		A35A34101520814700181E3F /* Sources */ = {
			isa = PBXSourcesBuildPhase;
			buildActionMask = 2147483647;
			files = (
				A35A34261520814800181E3F /* main.m in Sources */,
				A35A34291520814800181E3F /* CampusInfo1AppDelegate.m in Sources */,
				A35A34321520814800181E3F /* SearchViewController.m in Sources */,
				A3A8654C1520A0C90074FFE5 /* TimeTableOverviewController.m in Sources */,
				A3A5513A1525DDB700BCAF3D /* SchoolClassDto.m in Sources */,
				A3A5513D1525E29F00BCAF3D /* RoomDto.m in Sources */,
				A3A551401525E33900BCAF3D /* PersonDto.m in Sources */,
				A3A551461525EB8B00BCAF3D /* SlotDto.m in Sources */,
				A3811C5115274C7A00A43735 /* DayDto.m in Sources */,
				A3811C5515274F4400A43735 /* ScheduleDto.m in Sources */,
				27B66927153AE0D8004D3ABC /* TimeTableAsyncRequest.m in Sources */,
				27CCE305154414190057D9F8 /* TimeTableDetailController.m in Sources */,
				27FBF7281551A83600C09ED9 /* StartpageViewController.m in Sources */,
				2779DA5515544A6600923A54 /* DepartmentDto.m in Sources */,
				27795E001558498300D0F350 /* ScheduleEventDto.m in Sources */,
				27E8229E155D214A006EA12D /* ScheduleEventRealizationDto.m in Sources */,
				277EDF79155D60DC002BCE1F /* ScheduleCourseDto.m in Sources */,
				E1DA967C1740E41C00CA206F /* SettingsViewController.m in Sources */,
				E13D3B5B17412F0500F534DB /* ChooseDateViewController.m in Sources */,
				E1D48A5B1757856400BB1652 /* GradientButton.m in Sources */,
				E1BC14C2175F8D4900FE2854 /* Autocomplete.m in Sources */,
				E17842D2178309160059EA3C /* DBCachingForAutocomplete.m in Sources */,
				E104C049178C397C0020EEB4 /* LanguageTranslation.m in Sources */,
				E1D7EFF7178DA03D00100293 /* DateFormation.m in Sources */,
				E12B400117968AA1000555AE /* MensaViewController.m in Sources */,
				E12B40081796B786000555AE /* WeekdayDto.m in Sources */,
				E12B400B1796D25C000555AE /* GastronomicFacilityDto.m in Sources */,
				E10B72F51797DB3E005D9D32 /* ServiceTimePeriodDto.m in Sources */,
				E10B72F81797DD5E005D9D32 /* LunchTimePlanDto.m in Sources */,
				E10B72FB1797DE42005D9D32 /* OpeningTimePlanDto.m in Sources */,
				E10B72FE1797DE73005D9D32 /* LocationDto.m in Sources */,
				E10B73011797DFAF005D9D32 /* HolidayDto.m in Sources */,
				E1BC5622179D290A007E235D /* MensaDetailViewController.m in Sources */,
				E155A998179E777800726C39 /* SideDishDto.m in Sources */,
				E155A99B179E789400726C39 /* DishDto.m in Sources */,
				E155A99E179E82A700726C39 /* MenuPlanDto.m in Sources */,
				E155A9A1179E82C900726C39 /* CalendarWeekDto.m in Sources */,
				E155A9A4179E85FD00726C39 /* MenuDto.m in Sources */,
				E16C642517ABDC0100BEDBB3 /* ContactsViewController.m in Sources */,
				E16C642A17ABDC4600BEDBB3 /* EmergencyViewController.m in Sources */,
				E13AA95117B2416B0061E0ED /* StudentsDto.m in Sources */,
				E13AA95417B248620061E0ED /* LecturersDto.m in Sources */,
				E13AA95717B269330061E0ED /* CoursesDto.m in Sources */,
				E13AA95A17B269480061E0ED /* RoomsDto.m in Sources */,
				E13AA95D17B269580061E0ED /* ClassesDto.m in Sources */,
				E13AA96517B285600061E0ED /* MenuOverviewController.m in Sources */,
				2724546817B7EBE4005F979C /* ContactsOverViewController.m in Sources */,
			);
			runOnlyForDeploymentPostprocessing = 0;
		};
		E12AD04217B0E9E4009A9B1B /* Sources */ = {
			isa = PBXSourcesBuildPhase;
			buildActionMask = 2147483647;
			files = (
				E12AD06A17B0FCFD009A9B1B /* TimeTableAsyncRequest.m in Sources */,
				E12AD06017B0FCDD009A9B1B /* SchoolClassDto.m in Sources */,
				E12AD06117B0FCDD009A9B1B /* RoomDto.m in Sources */,
				E12AD06217B0FCDD009A9B1B /* PersonDto.m in Sources */,
				E12AD06317B0FCDD009A9B1B /* SlotDto.m in Sources */,
				E12AD06417B0FCDD009A9B1B /* DayDto.m in Sources */,
				E12AD06517B0FCDD009A9B1B /* ScheduleDto.m in Sources */,
				E12AD06617B0FCDD009A9B1B /* DepartmentDto.m in Sources */,
				E12AD06717B0FCDD009A9B1B /* ScheduleEventDto.m in Sources */,
				E12AD06817B0FCDD009A9B1B /* ScheduleEventRealizationDto.m in Sources */,
				E12AD06917B0FCDD009A9B1B /* ScheduleCourseDto.m in Sources */,
				E12AD05F17B0FCB3009A9B1B /* DateFormation.m in Sources */,
				E12AD05417B0E9E4009A9B1B /* CampusInfoLogicTests.m in Sources */,
				E12AD05B17B0EBEA009A9B1B /* ScheduleDtoTest.m in Sources */,
			);
			runOnlyForDeploymentPostprocessing = 0;
		};
/* End PBXSourcesBuildPhase section */

/* Begin PBXVariantGroup section */
		A35A34211520814800181E3F /* InfoPlist.strings */ = {
			isa = PBXVariantGroup;
			children = (
				A35A34221520814800181E3F /* en */,
			);
			name = InfoPlist.strings;
			sourceTree = "<group>";
		};
		A35A342A1520814800181E3F /* MainWindow.xib */ = {
			isa = PBXVariantGroup;
			children = (
				A35A342B1520814800181E3F /* en */,
			);
			name = MainWindow.xib;
			sourceTree = "<group>";
		};
		A35A34361520814800181E3F /* SearchView.xib */ = {
			isa = PBXVariantGroup;
			children = (
				A35A34371520814800181E3F /* en */,
			);
			name = SearchView.xib;
			sourceTree = "<group>";
		};
		E12AD04F17B0E9E4009A9B1B /* InfoPlist.strings */ = {
			isa = PBXVariantGroup;
			children = (
				E12AD05017B0E9E4009A9B1B /* en */,
			);
			name = InfoPlist.strings;
			sourceTree = "<group>";
		};
/* End PBXVariantGroup section */

/* Begin XCBuildConfiguration section */
		A35A34391520814800181E3F /* Debug */ = {
			isa = XCBuildConfiguration;
			buildSettings = {
				ARCHS = "$(ARCHS_STANDARD_32_BIT)";
				CLANG_ENABLE_OBJC_ARC = YES;
				CODE_SIGN_IDENTITY = "iPhone Developer";
				GCC_C_LANGUAGE_STANDARD = gnu99;
				GCC_OPTIMIZATION_LEVEL = 0;
				GCC_PREPROCESSOR_DEFINITIONS = DEBUG;
				GCC_SYMBOLS_PRIVATE_EXTERN = NO;
				GCC_VERSION = com.apple.compilers.llvmgcc42;
				GCC_WARN_ABOUT_RETURN_TYPE = YES;
				GCC_WARN_UNUSED_VARIABLE = YES;
				HEADER_SEARCH_PATHS = "\"$(SOURCE_ROOT)\"";
				IPHONEOS_DEPLOYMENT_TARGET = 5.1;
				OTHER_LDFLAGS = "";
				PROVISIONING_PROFILE = "";
				SDKROOT = iphoneos;
			};
			name = Debug;
		};
		A35A343A1520814800181E3F /* Release */ = {
			isa = XCBuildConfiguration;
			buildSettings = {
				ARCHS = "$(ARCHS_STANDARD_32_BIT)";
				CLANG_ENABLE_OBJC_ARC = YES;
				CODE_SIGN_IDENTITY = "iPhone Developer";
				GCC_C_LANGUAGE_STANDARD = gnu99;
				GCC_VERSION = com.apple.compilers.llvmgcc42;
				GCC_WARN_ABOUT_RETURN_TYPE = YES;
				GCC_WARN_UNUSED_VARIABLE = YES;
				HEADER_SEARCH_PATHS = "\"$(SOURCE_ROOT)\"";
				IPHONEOS_DEPLOYMENT_TARGET = 5.1;
				OTHER_CFLAGS = "-DNS_BLOCK_ASSERTIONS=1";
				OTHER_LDFLAGS = "";
				PROVISIONING_PROFILE = "";
				SDKROOT = iphoneos;
			};
			name = Release;
		};
		A35A343C1520814800181E3F /* Debug */ = {
			isa = XCBuildConfiguration;
			buildSettings = {
				ALWAYS_SEARCH_USER_PATHS = YES;
				CODE_SIGN_IDENTITY = "iPhone Developer";
				COPY_PHASE_STRIP = NO;
				FRAMEWORK_SEARCH_PATHS = (
					"$(inherited)",
					"\"$(SRCROOT)\"",
				);
				GCC_DYNAMIC_NO_PIC = NO;
				GCC_PRECOMPILE_PREFIX_HEADER = YES;
				GCC_PREFIX_HEADER = "CampusInfo1/CampusInfo1-Prefix.pch";
				GCC_VERSION = com.apple.compilers.llvm.clang.1_0;
				HEADER_SEARCH_PATHS = "\"$(SOURCE_ROOT)\"";
				INFOPLIST_FILE = "CampusInfo1/CampusInfo1-Info.plist";
				IPHONEOS_DEPLOYMENT_TARGET = 5.1;
				LIBRARY_SEARCH_PATHS = (
					"$(inherited)",
					"\"$(SRCROOT)\"",
				);
				OTHER_LDFLAGS = (
					"-ObjC",
					"-all_load",
				);
				PRODUCT_NAME = Engineering;
				PROVISIONING_PROFILE = "";
				SDKROOT = iphoneos;
				TARGETED_DEVICE_FAMILY = 1;
				WRAPPER_EXTENSION = app;
			};
			name = Debug;
		};
		A35A343D1520814800181E3F /* Release */ = {
			isa = XCBuildConfiguration;
			buildSettings = {
				ALWAYS_SEARCH_USER_PATHS = YES;
				CODE_SIGN_IDENTITY = "iPhone Developer";
				COPY_PHASE_STRIP = YES;
				FRAMEWORK_SEARCH_PATHS = (
					"$(inherited)",
					"\"$(SRCROOT)\"",
				);
				GCC_PRECOMPILE_PREFIX_HEADER = YES;
				GCC_PREFIX_HEADER = "CampusInfo1/CampusInfo1-Prefix.pch";
				GCC_VERSION = com.apple.compilers.llvm.clang.1_0;
				HEADER_SEARCH_PATHS = "\"$(SOURCE_ROOT)\"";
				INFOPLIST_FILE = "CampusInfo1/CampusInfo1-Info.plist";
				IPHONEOS_DEPLOYMENT_TARGET = 5.1;
				LIBRARY_SEARCH_PATHS = (
					"$(inherited)",
					"\"$(SRCROOT)\"",
				);
				OTHER_LDFLAGS = (
					"-ObjC",
					"-all_load",
				);
				PRODUCT_NAME = Engineering;
				PROVISIONING_PROFILE = "";
				SDKROOT = iphoneos;
				TARGETED_DEVICE_FAMILY = 1;
				VALIDATE_PRODUCT = YES;
				WRAPPER_EXTENSION = app;
			};
			name = Release;
		};
		E12AD05617B0E9E4009A9B1B /* Debug */ = {
			isa = XCBuildConfiguration;
			buildSettings = {
				ALWAYS_SEARCH_USER_PATHS = NO;
				CLANG_CXX_LANGUAGE_STANDARD = "gnu++0x";
				CLANG_CXX_LIBRARY = "libc++";
				CLANG_WARN_CONSTANT_CONVERSION = YES;
				CLANG_WARN_EMPTY_BODY = YES;
				CLANG_WARN_ENUM_CONVERSION = YES;
				CLANG_WARN_INT_CONVERSION = YES;
				CLANG_WARN__DUPLICATE_METHOD_MATCH = YES;
				COPY_PHASE_STRIP = NO;
				FRAMEWORK_SEARCH_PATHS = (
					"\"$(SDKROOT)/Developer/Library/Frameworks\"",
					"\"$(DEVELOPER_LIBRARY_DIR)/Frameworks\"",
				);
				GCC_DYNAMIC_NO_PIC = NO;
				GCC_PRECOMPILE_PREFIX_HEADER = YES;
				GCC_PREFIX_HEADER = "CampusInfoLogicTests/CampusInfoLogicTests-Prefix.pch";
				GCC_PREPROCESSOR_DEFINITIONS = (
					"DEBUG=1",
					"$(inherited)",
				);
				GCC_VERSION = com.apple.compilers.llvm.clang.1_0;
				GCC_WARN_UNINITIALIZED_AUTOS = NO;
				INFOPLIST_FILE = "CampusInfoLogicTests/CampusInfoLogicTests-Info.plist";
				IPHONEOS_DEPLOYMENT_TARGET = 6.1;
				ONLY_ACTIVE_ARCH = YES;
				PRODUCT_NAME = "$(TARGET_NAME)";
				WRAPPER_EXTENSION = octest;
			};
			name = Debug;
		};
		E12AD05717B0E9E4009A9B1B /* Release */ = {
			isa = XCBuildConfiguration;
			buildSettings = {
				ALWAYS_SEARCH_USER_PATHS = NO;
				CLANG_CXX_LANGUAGE_STANDARD = "gnu++0x";
				CLANG_CXX_LIBRARY = "libc++";
				CLANG_WARN_CONSTANT_CONVERSION = YES;
				CLANG_WARN_EMPTY_BODY = YES;
				CLANG_WARN_ENUM_CONVERSION = YES;
				CLANG_WARN_INT_CONVERSION = YES;
				CLANG_WARN__DUPLICATE_METHOD_MATCH = YES;
				COPY_PHASE_STRIP = YES;
				FRAMEWORK_SEARCH_PATHS = (
					"\"$(SDKROOT)/Developer/Library/Frameworks\"",
					"\"$(DEVELOPER_LIBRARY_DIR)/Frameworks\"",
				);
				GCC_PRECOMPILE_PREFIX_HEADER = YES;
				GCC_PREFIX_HEADER = "CampusInfoLogicTests/CampusInfoLogicTests-Prefix.pch";
				GCC_VERSION = com.apple.compilers.llvm.clang.1_0;
				GCC_WARN_UNINITIALIZED_AUTOS = NO;
				INFOPLIST_FILE = "CampusInfoLogicTests/CampusInfoLogicTests-Info.plist";
				IPHONEOS_DEPLOYMENT_TARGET = 6.1;
				PRODUCT_NAME = "$(TARGET_NAME)";
				VALIDATE_PRODUCT = YES;
				WRAPPER_EXTENSION = octest;
			};
			name = Release;
		};
/* End XCBuildConfiguration section */

/* Begin XCConfigurationList section */
		A35A340E1520814700181E3F /* Build configuration list for PBXProject "CampusInfo1" */ = {
			isa = XCConfigurationList;
			buildConfigurations = (
				A35A34391520814800181E3F /* Debug */,
				A35A343A1520814800181E3F /* Release */,
			);
			defaultConfigurationIsVisible = 0;
			defaultConfigurationName = Debug;
		};
		A35A343B1520814800181E3F /* Build configuration list for PBXNativeTarget "CampusInfo1" */ = {
			isa = XCConfigurationList;
			buildConfigurations = (
				A35A343C1520814800181E3F /* Debug */,
				A35A343D1520814800181E3F /* Release */,
			);
			defaultConfigurationIsVisible = 0;
			defaultConfigurationName = Debug;
		};
		E12AD05817B0E9E4009A9B1B /* Build configuration list for PBXNativeTarget "CampusInfoLogicTests" */ = {
			isa = XCConfigurationList;
			buildConfigurations = (
				E12AD05617B0E9E4009A9B1B /* Debug */,
				E12AD05717B0E9E4009A9B1B /* Release */,
			);
			defaultConfigurationIsVisible = 0;
			defaultConfigurationName = Debug;
		};
/* End XCConfigurationList section */
	};
	rootObject = A35A340B1520814700181E3F /* Project object */;
}
